// !$*UTF8*$!
{
	archiveVersion = 1;
	classes = {
	};
	objectVersion = 48;
	objects = {

/* Begin PBXBuildFile section */
		B00DCE231FD686C00024185D /* PokemonBattleViewController.swift in Sources */ = {isa = PBXBuildFile; fileRef = B00DCE221FD686C00024185D /* PokemonBattleViewController.swift */; };
		B00DCE251FD68CA10024185D /* BattlePokemonRole.swift in Sources */ = {isa = PBXBuildFile; fileRef = B00DCE241FD68CA10024185D /* BattlePokemonRole.swift */; };
		B00DCE291FD6DB760024185D /* BattleMatchLobbyViewController.swift in Sources */ = {isa = PBXBuildFile; fileRef = B00DCE281FD6DB760024185D /* BattleMatchLobbyViewController.swift */; };
		B00DCE2D1FD6E4940024185D /* TinyBattleKit.framework in Frameworks */ = {isa = PBXBuildFile; fileRef = B0A676521FD1363600278CBE /* TinyBattleKit.framework */; };
		B00DCE2E1FD6E4940024185D /* TinyBattleKit.framework in Embed Frameworks */ = {isa = PBXBuildFile; fileRef = B0A676521FD1363600278CBE /* TinyBattleKit.framework */; settings = {ATTRIBUTES = (CodeSignOnCopy, RemoveHeadersOnCopy, ); }; };
		B0124D9F1FC2E0EA00A3A58C /* BattleFieldScene.swift in Sources */ = {isa = PBXBuildFile; fileRef = B0124D9E1FC2E0EA00A3A58C /* BattleFieldScene.swift */; };
		B020C8AF1FD8D00A00BBE17A /* Match.storyboard in Resources */ = {isa = PBXBuildFile; fileRef = B020C8AE1FD8D00A00BBE17A /* Match.storyboard */; };
		B020C8B31FD8D0DE00BBE17A /* BattleMatchLandingViewController.swift in Sources */ = {isa = PBXBuildFile; fileRef = B020C8B21FD8D0DE00BBE17A /* BattleMatchLandingViewController.swift */; };
		B020C8B71FD97C1000BBE17A /* BattleEntityRealmObject.swift in Sources */ = {isa = PBXBuildFile; fileRef = B020C8B61FD97C1000BBE17A /* BattleEntityRealmObject.swift */; };
		B02429BE1FDE5CFB00F8644F /* Pokedex.swift in Sources */ = {isa = PBXBuildFile; fileRef = B02429BD1FDE5CFB00F8644F /* Pokedex.swift */; };
		B02429C21FDEB6F300F8644F /* BattleSkillRealmObject.swift in Sources */ = {isa = PBXBuildFile; fileRef = B02429C11FDEB6F300F8644F /* BattleSkillRealmObject.swift */; };
		B041FA6F1FC2ABB000421C05 /* AppDelegate.swift in Sources */ = {isa = PBXBuildFile; fileRef = B041FA6E1FC2ABB000421C05 /* AppDelegate.swift */; };
		B041FA7C1FC2ABB000421C05 /* Assets.xcassets in Resources */ = {isa = PBXBuildFile; fileRef = B041FA7B1FC2ABB000421C05 /* Assets.xcassets */; };
		B041FA7F1FC2ABB000421C05 /* LaunchScreen.storyboard in Resources */ = {isa = PBXBuildFile; fileRef = B041FA7D1FC2ABB000421C05 /* LaunchScreen.storyboard */; };
		B041FA911FC2C03D00421C05 /* BattleStartScene.sks in Resources */ = {isa = PBXBuildFile; fileRef = B041FA901FC2C03D00421C05 /* BattleStartScene.sks */; };
		B041FA931FC2C04600421C05 /* BattleStartScene.swift in Sources */ = {isa = PBXBuildFile; fileRef = B041FA921FC2C04600421C05 /* BattleStartScene.swift */; };
		B04272AB1FD29BEC00ED3D74 /* Realm.framework in Frameworks */ = {isa = PBXBuildFile; fileRef = B04272A91FD29BEC00ED3D74 /* Realm.framework */; };
		B04272AC1FD29BEC00ED3D74 /* RealmSwift.framework in Frameworks */ = {isa = PBXBuildFile; fileRef = B04272AA1FD29BEC00ED3D74 /* RealmSwift.framework */; };
		B04272AF1FD29C6900ED3D74 /* RealmBattleServerDataProvider.swift in Sources */ = {isa = PBXBuildFile; fileRef = B04272AE1FD29C6900ED3D74 /* RealmBattleServerDataProvider.swift */; };
		B04272B31FD29D9C00ED3D74 /* BattlePlayerRealmObject.swift in Sources */ = {isa = PBXBuildFile; fileRef = B04272B01FD29D9B00ED3D74 /* BattlePlayerRealmObject.swift */; };
		B04272B41FD29D9C00ED3D74 /* BattleTurnRealmObject.swift in Sources */ = {isa = PBXBuildFile; fileRef = B04272B11FD29D9B00ED3D74 /* BattleTurnRealmObject.swift */; };
		B04272B51FD29D9C00ED3D74 /* BattleRecordRealmObject.swift in Sources */ = {isa = PBXBuildFile; fileRef = B04272B21FD29D9C00ED3D74 /* BattleRecordRealmObject.swift */; };
		B063D7D61FD2A01300C88D6E /* PokemonBattlePlayer.swift in Sources */ = {isa = PBXBuildFile; fileRef = B063D7D51FD2A01300C88D6E /* PokemonBattlePlayer.swift */; };
		B063D7D81FD2A12D00C88D6E /* PokemonBattleTurn.swift in Sources */ = {isa = PBXBuildFile; fileRef = B063D7D71FD2A12D00C88D6E /* PokemonBattleTurn.swift */; };
		B063D7DA1FD2A23600C88D6E /* PokemonBattleRecord.swift in Sources */ = {isa = PBXBuildFile; fileRef = B063D7D91FD2A23600C88D6E /* PokemonBattleRecord.swift */; };
		B06B2A301FD47F4100B93DAF /* FirePokemonSkillProvider.swift in Sources */ = {isa = PBXBuildFile; fileRef = B06B2A2F1FD47F4100B93DAF /* FirePokemonSkillProvider.swift */; };
		B06B2A331FD4D7AA00B93DAF /* Fire.xcassets in Resources */ = {isa = PBXBuildFile; fileRef = B06B2A321FD4D7AA00B93DAF /* Fire.xcassets */; };
		B06B2A4B1FD4DBCD00B93DAF /* Pikachu.swift in Sources */ = {isa = PBXBuildFile; fileRef = B06B2A421FD4DBCD00B93DAF /* Pikachu.swift */; };
		B06B2A4C1FD4DBCD00B93DAF /* Pikachu.plist in Resources */ = {isa = PBXBuildFile; fileRef = B06B2A431FD4DBCD00B93DAF /* Pikachu.plist */; };
		B06B2A4D1FD4DBCD00B93DAF /* Charmander.swift in Sources */ = {isa = PBXBuildFile; fileRef = B06B2A451FD4DBCD00B93DAF /* Charmander.swift */; };
		B06B2A4E1FD4DBCD00B93DAF /* Charmander.plist in Resources */ = {isa = PBXBuildFile; fileRef = B06B2A461FD4DBCD00B93DAF /* Charmander.plist */; };
		B06B2A4F1FD4DBCD00B93DAF /* Pokemon+BattlePokemon.swift in Sources */ = {isa = PBXBuildFile; fileRef = B06B2A471FD4DBCD00B93DAF /* Pokemon+BattlePokemon.swift */; };
		B06B2A501FD4DBCD00B93DAF /* Pokemon.swift in Sources */ = {isa = PBXBuildFile; fileRef = B06B2A481FD4DBCD00B93DAF /* Pokemon.swift */; };
		B06B2A511FD4DBCD00B93DAF /* PokemonConfig.swift in Sources */ = {isa = PBXBuildFile; fileRef = B06B2A491FD4DBCD00B93DAF /* PokemonConfig.swift */; };
		B06B2A521FD4DBCD00B93DAF /* PokemonGenerator.swift in Sources */ = {isa = PBXBuildFile; fileRef = B06B2A4A1FD4DBCD00B93DAF /* PokemonGenerator.swift */; };
		B06B2A541FD4DCA200B93DAF /* PokemonSkill.swift in Sources */ = {isa = PBXBuildFile; fileRef = B06B2A531FD4DCA200B93DAF /* PokemonSkill.swift */; };
		B06B2A711FD4F2A700B93DAF /* FirePokemonSkill.swift in Sources */ = {isa = PBXBuildFile; fileRef = B06B2A701FD4F2A700B93DAF /* FirePokemonSkill.swift */; };
		B06B2A731FD4F7F300B93DAF /* PokemonSkillProvider.swift in Sources */ = {isa = PBXBuildFile; fileRef = B06B2A721FD4F7F300B93DAF /* PokemonSkillProvider.swift */; };
		B06B2A751FD4FE1300B93DAF /* LightningPokemonSkill.swift in Sources */ = {isa = PBXBuildFile; fileRef = B06B2A741FD4FE1300B93DAF /* LightningPokemonSkill.swift */; };
		B06B2A771FD516CA00B93DAF /* AnyPokemonSkill.swift in Sources */ = {isa = PBXBuildFile; fileRef = B06B2A761FD516CA00B93DAF /* AnyPokemonSkill.swift */; };
		B06B2A791FD535DC00B93DAF /* AnyPokemonSkillProvider.swift in Sources */ = {isa = PBXBuildFile; fileRef = B06B2A781FD535DC00B93DAF /* AnyPokemonSkillProvider.swift */; };
		B0885E1B1FDA76AA00629629 /* PokemonBattleJoined.swift in Sources */ = {isa = PBXBuildFile; fileRef = B0885E1A1FDA76AA00629629 /* PokemonBattleJoined.swift */; };
		B0885E1D1FDA76B600629629 /* PokemonBattleReady.swift in Sources */ = {isa = PBXBuildFile; fileRef = B0885E1C1FDA76B600629629 /* PokemonBattleReady.swift */; };
		B0885E1F1FDA76C600629629 /* PokemonBattleInvolved.swift in Sources */ = {isa = PBXBuildFile; fileRef = B0885E1E1FDA76C600629629 /* PokemonBattleInvolved.swift */; };
		B0885E211FDA789A00629629 /* BattleActionRealmObject.swift in Sources */ = {isa = PBXBuildFile; fileRef = B0885E201FDA789A00629629 /* BattleActionRealmObject.swift */; };
		B0885E231FDA7F2D00629629 /* DualViewController.swift in Sources */ = {isa = PBXBuildFile; fileRef = B0885E221FDA7F2D00629629 /* DualViewController.swift */; };
		B0885E291FDB75BC00629629 /* BattleInvolvedRealmObject.swift in Sources */ = {isa = PBXBuildFile; fileRef = B0885E281FDB75BC00629629 /* BattleInvolvedRealmObject.swift */; };
		B0885E2B1FDB771E00629629 /* BattleJoinedRealmObject.swift in Sources */ = {isa = PBXBuildFile; fileRef = B0885E2A1FDB771E00629629 /* BattleJoinedRealmObject.swift */; };
		B0885E2D1FDB781A00629629 /* BattleReadyRealmObject.swift in Sources */ = {isa = PBXBuildFile; fileRef = B0885E2C1FDB781A00629629 /* BattleReadyRealmObject.swift */; };
		B0885E2F1FDB79D100629629 /* PokemonBattleAction.swift in Sources */ = {isa = PBXBuildFile; fileRef = B0885E2E1FDB79D100629629 /* PokemonBattleAction.swift */; };
		B0A676541FD1378200278CBE /* PokemonBattleSystem.swift in Sources */ = {isa = PBXBuildFile; fileRef = B0A676531FD1378200278CBE /* PokemonBattleSystem.swift */; };
		B0A676561FD1389000278CBE /* PokemonBattleContext.swift in Sources */ = {isa = PBXBuildFile; fileRef = B0A676551FD1389000278CBE /* PokemonBattleContext.swift */; };
		B0A676611FD13DB100278CBE /* LightningPokemonSkillProvider.swift in Sources */ = {isa = PBXBuildFile; fileRef = B0A676601FD13DB100278CBE /* LightningPokemonSkillProvider.swift */; };
		B0B1B66F1FD63FFE0033A316 /* BattleMatchSearchViewController.swift in Sources */ = {isa = PBXBuildFile; fileRef = B0B1B66E1FD63FFE0033A316 /* BattleMatchSearchViewController.swift */; };
		B0B1B6711FD640C70033A316 /* BattleMatchTableViewCell.swift in Sources */ = {isa = PBXBuildFile; fileRef = B0B1B6701FD640C70033A316 /* BattleMatchTableViewCell.swift */; };
		B0B1B6731FD641690033A316 /* BattleMatchDataProvider.swift in Sources */ = {isa = PBXBuildFile; fileRef = B0B1B6721FD641690033A316 /* BattleMatchDataProvider.swift */; };
		B0B1B6751FD641C60033A316 /* BattleMatch.swift in Sources */ = {isa = PBXBuildFile; fileRef = B0B1B6741FD641C60033A316 /* BattleMatch.swift */; };
		B0B1B6771FD643D50033A316 /* RealmBattleMatchDataProvider.swift in Sources */ = {isa = PBXBuildFile; fileRef = B0B1B6761FD643D50033A316 /* RealmBattleMatchDataProvider.swift */; };
		B0C34E641FC6F47D001B388E /* Pokemon GB.ttf in Resources */ = {isa = PBXBuildFile; fileRef = B0C34E621FC6F39A001B388E /* Pokemon GB.ttf */; };
		B0C34E691FC6F9A6001B388E /* BattleResultViewController.swift in Sources */ = {isa = PBXBuildFile; fileRef = B0C34E681FC6F9A6001B388E /* BattleResultViewController.swift */; };
		B0C34E6B1FC6F9D5001B388E /* Battle.storyboard in Resources */ = {isa = PBXBuildFile; fileRef = B0C34E6A1FC6F9D5001B388E /* Battle.storyboard */; };
		B0C34E6D1FC70AA6001B388E /* LegacyBattleResult.swift in Sources */ = {isa = PBXBuildFile; fileRef = B0C34E6C1FC70AA6001B388E /* LegacyBattleResult.swift */; };
		B0CE4EF11FC5BA0B00343937 /* BattleField.swift in Sources */ = {isa = PBXBuildFile; fileRef = B0CE4EF01FC5BA0B00343937 /* BattleField.swift */; };
		B0CE4EF51FC6935800343937 /* Fire.sks in Resources */ = {isa = PBXBuildFile; fileRef = B0CE4EF31FC6935800343937 /* Fire.sks */; };
		B0CE4EF61FC6935800343937 /* Lightning.xcassets in Resources */ = {isa = PBXBuildFile; fileRef = B0CE4EF41FC6935800343937 /* Lightning.xcassets */; };
		B0CE4F041FC6A21E00343937 /* BattleMenuTableViewController.swift in Sources */ = {isa = PBXBuildFile; fileRef = B0CE4F031FC6A21E00343937 /* BattleMenuTableViewController.swift */; };
		B0CE4F061FC6A36800343937 /* BattleMenuDataProvider.swift in Sources */ = {isa = PBXBuildFile; fileRef = B0CE4F051FC6A36800343937 /* BattleMenuDataProvider.swift */; };
		B0CE4F101FC6BD3700343937 /* Lightning.sks in Resources */ = {isa = PBXBuildFile; fileRef = B0CE4F0F1FC6BD3700343937 /* Lightning.sks */; };
		B0CE4F171FC6CEC000343937 /* Lightning.wav in Resources */ = {isa = PBXBuildFile; fileRef = B0CE4F161FC6CEC000343937 /* Lightning.wav */; };
		B0CE4F191FC6D0A900343937 /* Fire.wav in Resources */ = {isa = PBXBuildFile; fileRef = B0CE4F181FC6D0A900343937 /* Fire.wav */; };
		B0CE4F1B1FC6D18B00343937 /* BodySlam.wav in Resources */ = {isa = PBXBuildFile; fileRef = B0CE4F1A1FC6D18B00343937 /* BodySlam.wav */; };
		B0CE4F1D1FC6D28800343937 /* Battle.mp3 in Resources */ = {isa = PBXBuildFile; fileRef = B0CE4F1C1FC6D28800343937 /* Battle.mp3 */; };
		B0CE4F211FC6D9F300343937 /* TailWhip.wav in Resources */ = {isa = PBXBuildFile; fileRef = B0CE4F201FC6D9F300343937 /* TailWhip.wav */; };
		B0CE4F251FC6DC6A00343937 /* PoisonPowder.wav in Resources */ = {isa = PBXBuildFile; fileRef = B0CE4F241FC6DC6A00343937 /* PoisonPowder.wav */; };
		B0CE4F271FC6EC8E00343937 /* BattleMenuTableViewCell.swift in Sources */ = {isa = PBXBuildFile; fileRef = B0CE4F261FC6EC8E00343937 /* BattleMenuTableViewCell.swift */; };
		B0CE4F291FC6ECAB00343937 /* BattleMenuTableViewCell.xib in Resources */ = {isa = PBXBuildFile; fileRef = B0CE4F281FC6ECAB00343937 /* BattleMenuTableViewCell.xib */; };
		B0D1192B1FD652210024C27E /* PokemonBattleRecord+BattleMatch.swift in Sources */ = {isa = PBXBuildFile; fileRef = B0D1192A1FD652210024C27E /* PokemonBattleRecord+BattleMatch.swift */; };
		B0EF52E31FD3B30D0043014F /* PokemonSkillAnimator.swift in Sources */ = {isa = PBXBuildFile; fileRef = B0EF52E21FD3B30D0043014F /* PokemonSkillAnimator.swift */; };
		B0EF52E51FD3B31B0043014F /* PokemonSkillAnimatorContext.swift in Sources */ = {isa = PBXBuildFile; fileRef = B0EF52E41FD3B31B0043014F /* PokemonSkillAnimatorContext.swift */; };
		B0EF52ED1FD4132D0043014F /* BattlePokemon.swift in Sources */ = {isa = PBXBuildFile; fileRef = B0EF52EC1FD4132D0043014F /* BattlePokemon.swift */; };
		B0EF52EF1FD418A90043014F /* BattleFieldSceneDataProvider.swift in Sources */ = {isa = PBXBuildFile; fileRef = B0EF52EE1FD418A90043014F /* BattleFieldSceneDataProvider.swift */; };
		B0EF52F11FD41F1E0043014F /* LightningPokemonSkillAnimator.swift in Sources */ = {isa = PBXBuildFile; fileRef = B0EF52F01FD41F1E0043014F /* LightningPokemonSkillAnimator.swift */; };
		B0EF530A1FD47E140043014F /* FirePokemonSkillAnimator.swift in Sources */ = {isa = PBXBuildFile; fileRef = B0EF53091FD47E140043014F /* FirePokemonSkillAnimator.swift */; };
/* End PBXBuildFile section */

/* Begin PBXContainerItemProxy section */
		B064E6951FC458BB005476BA /* PBXContainerItemProxy */ = {
			isa = PBXContainerItemProxy;
			containerPortal = B041FA631FC2ABB000421C05 /* Project object */;
			proxyType = 1;
			remoteGlobalIDString = B041FA6A1FC2ABB000421C05;
			remoteInfo = PokemonBattle;
		};
/* End PBXContainerItemProxy section */

/* Begin PBXCopyFilesBuildPhase section */
		B00DCE2F1FD6E4940024185D /* Embed Frameworks */ = {
			isa = PBXCopyFilesBuildPhase;
			buildActionMask = 2147483647;
			dstPath = "";
			dstSubfolderSpec = 10;
			files = (
				B00DCE2E1FD6E4940024185D /* TinyBattleKit.framework in Embed Frameworks */,
			);
			name = "Embed Frameworks";
			runOnlyForDeploymentPostprocessing = 0;
		};
/* End PBXCopyFilesBuildPhase section */

/* Begin PBXFileReference section */
		B00DCE221FD686C00024185D /* PokemonBattleViewController.swift */ = {isa = PBXFileReference; lastKnownFileType = sourcecode.swift; path = PokemonBattleViewController.swift; sourceTree = "<group>"; };
		B00DCE241FD68CA10024185D /* BattlePokemonRole.swift */ = {isa = PBXFileReference; lastKnownFileType = sourcecode.swift; path = BattlePokemonRole.swift; sourceTree = "<group>"; };
		B00DCE281FD6DB760024185D /* BattleMatchLobbyViewController.swift */ = {isa = PBXFileReference; lastKnownFileType = sourcecode.swift; path = BattleMatchLobbyViewController.swift; sourceTree = "<group>"; };
		B0124D9E1FC2E0EA00A3A58C /* BattleFieldScene.swift */ = {isa = PBXFileReference; lastKnownFileType = sourcecode.swift; path = BattleFieldScene.swift; sourceTree = "<group>"; };
		B020C8AE1FD8D00A00BBE17A /* Match.storyboard */ = {isa = PBXFileReference; lastKnownFileType = file.storyboard; path = Match.storyboard; sourceTree = "<group>"; };
		B020C8B21FD8D0DE00BBE17A /* BattleMatchLandingViewController.swift */ = {isa = PBXFileReference; lastKnownFileType = sourcecode.swift; path = BattleMatchLandingViewController.swift; sourceTree = "<group>"; };
		B020C8B61FD97C1000BBE17A /* BattleEntityRealmObject.swift */ = {isa = PBXFileReference; lastKnownFileType = sourcecode.swift; path = BattleEntityRealmObject.swift; sourceTree = "<group>"; };
		B02429BD1FDE5CFB00F8644F /* Pokedex.swift */ = {isa = PBXFileReference; lastKnownFileType = sourcecode.swift; path = Pokedex.swift; sourceTree = "<group>"; };
		B02429C11FDEB6F300F8644F /* BattleSkillRealmObject.swift */ = {isa = PBXFileReference; fileEncoding = 4; lastKnownFileType = sourcecode.swift; path = BattleSkillRealmObject.swift; sourceTree = "<group>"; };
		B041FA6B1FC2ABB000421C05 /* PokemonBattle.app */ = {isa = PBXFileReference; explicitFileType = wrapper.application; includeInIndex = 0; path = PokemonBattle.app; sourceTree = BUILT_PRODUCTS_DIR; };
		B041FA6E1FC2ABB000421C05 /* AppDelegate.swift */ = {isa = PBXFileReference; lastKnownFileType = sourcecode.swift; path = AppDelegate.swift; sourceTree = "<group>"; };
		B041FA7B1FC2ABB000421C05 /* Assets.xcassets */ = {isa = PBXFileReference; lastKnownFileType = folder.assetcatalog; path = Assets.xcassets; sourceTree = "<group>"; };
		B041FA7E1FC2ABB000421C05 /* Base */ = {isa = PBXFileReference; lastKnownFileType = file.storyboard; name = Base; path = Base.lproj/LaunchScreen.storyboard; sourceTree = "<group>"; };
		B041FA801FC2ABB000421C05 /* Info.plist */ = {isa = PBXFileReference; lastKnownFileType = text.plist.xml; path = Info.plist; sourceTree = "<group>"; };
		B041FA901FC2C03D00421C05 /* BattleStartScene.sks */ = {isa = PBXFileReference; lastKnownFileType = file.sks; path = BattleStartScene.sks; sourceTree = "<group>"; };
		B041FA921FC2C04600421C05 /* BattleStartScene.swift */ = {isa = PBXFileReference; lastKnownFileType = sourcecode.swift; path = BattleStartScene.swift; sourceTree = "<group>"; };
		B04272A91FD29BEC00ED3D74 /* Realm.framework */ = {isa = PBXFileReference; lastKnownFileType = wrapper.framework; name = Realm.framework; path = Carthage/Build/iOS/Realm.framework; sourceTree = "<group>"; };
		B04272AA1FD29BEC00ED3D74 /* RealmSwift.framework */ = {isa = PBXFileReference; lastKnownFileType = wrapper.framework; name = RealmSwift.framework; path = Carthage/Build/iOS/RealmSwift.framework; sourceTree = "<group>"; };
		B04272AE1FD29C6900ED3D74 /* RealmBattleServerDataProvider.swift */ = {isa = PBXFileReference; lastKnownFileType = sourcecode.swift; path = RealmBattleServerDataProvider.swift; sourceTree = "<group>"; };
		B04272B01FD29D9B00ED3D74 /* BattlePlayerRealmObject.swift */ = {isa = PBXFileReference; fileEncoding = 4; lastKnownFileType = sourcecode.swift; path = BattlePlayerRealmObject.swift; sourceTree = "<group>"; };
		B04272B11FD29D9B00ED3D74 /* BattleTurnRealmObject.swift */ = {isa = PBXFileReference; fileEncoding = 4; lastKnownFileType = sourcecode.swift; path = BattleTurnRealmObject.swift; sourceTree = "<group>"; };
		B04272B21FD29D9C00ED3D74 /* BattleRecordRealmObject.swift */ = {isa = PBXFileReference; fileEncoding = 4; lastKnownFileType = sourcecode.swift; path = BattleRecordRealmObject.swift; sourceTree = "<group>"; };
		B063D7D51FD2A01300C88D6E /* PokemonBattlePlayer.swift */ = {isa = PBXFileReference; lastKnownFileType = sourcecode.swift; path = PokemonBattlePlayer.swift; sourceTree = "<group>"; };
		B063D7D71FD2A12D00C88D6E /* PokemonBattleTurn.swift */ = {isa = PBXFileReference; lastKnownFileType = sourcecode.swift; path = PokemonBattleTurn.swift; sourceTree = "<group>"; };
		B063D7D91FD2A23600C88D6E /* PokemonBattleRecord.swift */ = {isa = PBXFileReference; lastKnownFileType = sourcecode.swift; path = PokemonBattleRecord.swift; sourceTree = "<group>"; };
		B064E6901FC458BB005476BA /* PokemonBattleTests.xctest */ = {isa = PBXFileReference; explicitFileType = wrapper.cfbundle; includeInIndex = 0; path = PokemonBattleTests.xctest; sourceTree = BUILT_PRODUCTS_DIR; };
		B064E6941FC458BB005476BA /* Info.plist */ = {isa = PBXFileReference; lastKnownFileType = text.plist.xml; path = Info.plist; sourceTree = "<group>"; };
		B06B2A2F1FD47F4100B93DAF /* FirePokemonSkillProvider.swift */ = {isa = PBXFileReference; lastKnownFileType = sourcecode.swift; path = FirePokemonSkillProvider.swift; sourceTree = "<group>"; };
		B06B2A321FD4D7AA00B93DAF /* Fire.xcassets */ = {isa = PBXFileReference; lastKnownFileType = folder.assetcatalog; path = Fire.xcassets; sourceTree = "<group>"; };
		B06B2A421FD4DBCD00B93DAF /* Pikachu.swift */ = {isa = PBXFileReference; fileEncoding = 4; lastKnownFileType = sourcecode.swift; path = Pikachu.swift; sourceTree = "<group>"; };
		B06B2A431FD4DBCD00B93DAF /* Pikachu.plist */ = {isa = PBXFileReference; fileEncoding = 4; lastKnownFileType = text.plist.xml; path = Pikachu.plist; sourceTree = "<group>"; };
		B06B2A451FD4DBCD00B93DAF /* Charmander.swift */ = {isa = PBXFileReference; fileEncoding = 4; lastKnownFileType = sourcecode.swift; path = Charmander.swift; sourceTree = "<group>"; };
		B06B2A461FD4DBCD00B93DAF /* Charmander.plist */ = {isa = PBXFileReference; fileEncoding = 4; lastKnownFileType = text.plist.xml; path = Charmander.plist; sourceTree = "<group>"; };
		B06B2A471FD4DBCD00B93DAF /* Pokemon+BattlePokemon.swift */ = {isa = PBXFileReference; fileEncoding = 4; lastKnownFileType = sourcecode.swift; path = "Pokemon+BattlePokemon.swift"; sourceTree = "<group>"; };
		B06B2A481FD4DBCD00B93DAF /* Pokemon.swift */ = {isa = PBXFileReference; fileEncoding = 4; lastKnownFileType = sourcecode.swift; path = Pokemon.swift; sourceTree = "<group>"; };
		B06B2A491FD4DBCD00B93DAF /* PokemonConfig.swift */ = {isa = PBXFileReference; fileEncoding = 4; lastKnownFileType = sourcecode.swift; path = PokemonConfig.swift; sourceTree = "<group>"; };
		B06B2A4A1FD4DBCD00B93DAF /* PokemonGenerator.swift */ = {isa = PBXFileReference; fileEncoding = 4; lastKnownFileType = sourcecode.swift; path = PokemonGenerator.swift; sourceTree = "<group>"; };
		B06B2A531FD4DCA200B93DAF /* PokemonSkill.swift */ = {isa = PBXFileReference; lastKnownFileType = sourcecode.swift; path = PokemonSkill.swift; sourceTree = "<group>"; };
		B06B2A701FD4F2A700B93DAF /* FirePokemonSkill.swift */ = {isa = PBXFileReference; lastKnownFileType = sourcecode.swift; path = FirePokemonSkill.swift; sourceTree = "<group>"; };
		B06B2A721FD4F7F300B93DAF /* PokemonSkillProvider.swift */ = {isa = PBXFileReference; lastKnownFileType = sourcecode.swift; path = PokemonSkillProvider.swift; sourceTree = "<group>"; };
		B06B2A741FD4FE1300B93DAF /* LightningPokemonSkill.swift */ = {isa = PBXFileReference; lastKnownFileType = sourcecode.swift; path = LightningPokemonSkill.swift; sourceTree = "<group>"; };
		B06B2A761FD516CA00B93DAF /* AnyPokemonSkill.swift */ = {isa = PBXFileReference; lastKnownFileType = sourcecode.swift; path = AnyPokemonSkill.swift; sourceTree = "<group>"; };
		B06B2A781FD535DC00B93DAF /* AnyPokemonSkillProvider.swift */ = {isa = PBXFileReference; lastKnownFileType = sourcecode.swift; path = AnyPokemonSkillProvider.swift; sourceTree = "<group>"; };
		B0885E1A1FDA76AA00629629 /* PokemonBattleJoined.swift */ = {isa = PBXFileReference; lastKnownFileType = sourcecode.swift; path = PokemonBattleJoined.swift; sourceTree = "<group>"; };
		B0885E1C1FDA76B600629629 /* PokemonBattleReady.swift */ = {isa = PBXFileReference; lastKnownFileType = sourcecode.swift; path = PokemonBattleReady.swift; sourceTree = "<group>"; };
		B0885E1E1FDA76C600629629 /* PokemonBattleInvolved.swift */ = {isa = PBXFileReference; lastKnownFileType = sourcecode.swift; path = PokemonBattleInvolved.swift; sourceTree = "<group>"; };
		B0885E201FDA789A00629629 /* BattleActionRealmObject.swift */ = {isa = PBXFileReference; lastKnownFileType = sourcecode.swift; path = BattleActionRealmObject.swift; sourceTree = "<group>"; };
		B0885E221FDA7F2D00629629 /* DualViewController.swift */ = {isa = PBXFileReference; lastKnownFileType = sourcecode.swift; path = DualViewController.swift; sourceTree = "<group>"; };
		B0885E281FDB75BC00629629 /* BattleInvolvedRealmObject.swift */ = {isa = PBXFileReference; lastKnownFileType = sourcecode.swift; path = BattleInvolvedRealmObject.swift; sourceTree = "<group>"; };
		B0885E2A1FDB771E00629629 /* BattleJoinedRealmObject.swift */ = {isa = PBXFileReference; lastKnownFileType = sourcecode.swift; path = BattleJoinedRealmObject.swift; sourceTree = "<group>"; };
		B0885E2C1FDB781A00629629 /* BattleReadyRealmObject.swift */ = {isa = PBXFileReference; lastKnownFileType = sourcecode.swift; path = BattleReadyRealmObject.swift; sourceTree = "<group>"; };
		B0885E2E1FDB79D100629629 /* PokemonBattleAction.swift */ = {isa = PBXFileReference; lastKnownFileType = sourcecode.swift; path = PokemonBattleAction.swift; sourceTree = "<group>"; };
		B0A676521FD1363600278CBE /* TinyBattleKit.framework */ = {isa = PBXFileReference; explicitFileType = wrapper.framework; path = TinyBattleKit.framework; sourceTree = BUILT_PRODUCTS_DIR; };
		B0A676531FD1378200278CBE /* PokemonBattleSystem.swift */ = {isa = PBXFileReference; lastKnownFileType = sourcecode.swift; path = PokemonBattleSystem.swift; sourceTree = "<group>"; };
		B0A676551FD1389000278CBE /* PokemonBattleContext.swift */ = {isa = PBXFileReference; lastKnownFileType = sourcecode.swift; path = PokemonBattleContext.swift; sourceTree = "<group>"; };
		B0A676601FD13DB100278CBE /* LightningPokemonSkillProvider.swift */ = {isa = PBXFileReference; lastKnownFileType = sourcecode.swift; path = LightningPokemonSkillProvider.swift; sourceTree = "<group>"; };
		B0B1B66E1FD63FFE0033A316 /* BattleMatchSearchViewController.swift */ = {isa = PBXFileReference; lastKnownFileType = sourcecode.swift; path = BattleMatchSearchViewController.swift; sourceTree = "<group>"; };
		B0B1B6701FD640C70033A316 /* BattleMatchTableViewCell.swift */ = {isa = PBXFileReference; lastKnownFileType = sourcecode.swift; path = BattleMatchTableViewCell.swift; sourceTree = "<group>"; };
		B0B1B6721FD641690033A316 /* BattleMatchDataProvider.swift */ = {isa = PBXFileReference; lastKnownFileType = sourcecode.swift; path = BattleMatchDataProvider.swift; sourceTree = "<group>"; };
		B0B1B6741FD641C60033A316 /* BattleMatch.swift */ = {isa = PBXFileReference; lastKnownFileType = sourcecode.swift; path = BattleMatch.swift; sourceTree = "<group>"; };
		B0B1B6761FD643D50033A316 /* RealmBattleMatchDataProvider.swift */ = {isa = PBXFileReference; lastKnownFileType = sourcecode.swift; path = RealmBattleMatchDataProvider.swift; sourceTree = "<group>"; };
		B0C34E621FC6F39A001B388E /* Pokemon GB.ttf */ = {isa = PBXFileReference; lastKnownFileType = file; path = "Pokemon GB.ttf"; sourceTree = "<group>"; };
		B0C34E681FC6F9A6001B388E /* BattleResultViewController.swift */ = {isa = PBXFileReference; lastKnownFileType = sourcecode.swift; path = BattleResultViewController.swift; sourceTree = "<group>"; };
		B0C34E6A1FC6F9D5001B388E /* Battle.storyboard */ = {isa = PBXFileReference; lastKnownFileType = file.storyboard; path = Battle.storyboard; sourceTree = "<group>"; };
		B0C34E6C1FC70AA6001B388E /* LegacyBattleResult.swift */ = {isa = PBXFileReference; lastKnownFileType = sourcecode.swift; path = LegacyBattleResult.swift; sourceTree = "<group>"; };
		B0CE4EF01FC5BA0B00343937 /* BattleField.swift */ = {isa = PBXFileReference; lastKnownFileType = sourcecode.swift; path = BattleField.swift; sourceTree = "<group>"; };
		B0CE4EF31FC6935800343937 /* Fire.sks */ = {isa = PBXFileReference; lastKnownFileType = file.sks; path = Fire.sks; sourceTree = "<group>"; };
		B0CE4EF41FC6935800343937 /* Lightning.xcassets */ = {isa = PBXFileReference; lastKnownFileType = folder.assetcatalog; path = Lightning.xcassets; sourceTree = "<group>"; };
		B0CE4F031FC6A21E00343937 /* BattleMenuTableViewController.swift */ = {isa = PBXFileReference; lastKnownFileType = sourcecode.swift; path = BattleMenuTableViewController.swift; sourceTree = "<group>"; };
		B0CE4F051FC6A36800343937 /* BattleMenuDataProvider.swift */ = {isa = PBXFileReference; lastKnownFileType = sourcecode.swift; path = BattleMenuDataProvider.swift; sourceTree = "<group>"; };
		B0CE4F0F1FC6BD3700343937 /* Lightning.sks */ = {isa = PBXFileReference; lastKnownFileType = file.sks; path = Lightning.sks; sourceTree = "<group>"; };
		B0CE4F161FC6CEC000343937 /* Lightning.wav */ = {isa = PBXFileReference; lastKnownFileType = audio.wav; path = Lightning.wav; sourceTree = "<group>"; };
		B0CE4F181FC6D0A900343937 /* Fire.wav */ = {isa = PBXFileReference; lastKnownFileType = audio.wav; path = Fire.wav; sourceTree = "<group>"; };
		B0CE4F1A1FC6D18B00343937 /* BodySlam.wav */ = {isa = PBXFileReference; lastKnownFileType = audio.wav; path = BodySlam.wav; sourceTree = "<group>"; };
		B0CE4F1C1FC6D28800343937 /* Battle.mp3 */ = {isa = PBXFileReference; lastKnownFileType = audio.mp3; path = Battle.mp3; sourceTree = "<group>"; };
		B0CE4F201FC6D9F300343937 /* TailWhip.wav */ = {isa = PBXFileReference; lastKnownFileType = audio.wav; path = TailWhip.wav; sourceTree = "<group>"; };
		B0CE4F241FC6DC6A00343937 /* PoisonPowder.wav */ = {isa = PBXFileReference; lastKnownFileType = audio.wav; path = PoisonPowder.wav; sourceTree = "<group>"; };
		B0CE4F261FC6EC8E00343937 /* BattleMenuTableViewCell.swift */ = {isa = PBXFileReference; lastKnownFileType = sourcecode.swift; path = BattleMenuTableViewCell.swift; sourceTree = "<group>"; };
		B0CE4F281FC6ECAB00343937 /* BattleMenuTableViewCell.xib */ = {isa = PBXFileReference; lastKnownFileType = file.xib; path = BattleMenuTableViewCell.xib; sourceTree = "<group>"; };
		B0D1192A1FD652210024C27E /* PokemonBattleRecord+BattleMatch.swift */ = {isa = PBXFileReference; lastKnownFileType = sourcecode.swift; path = "PokemonBattleRecord+BattleMatch.swift"; sourceTree = "<group>"; };
		B0EF52E21FD3B30D0043014F /* PokemonSkillAnimator.swift */ = {isa = PBXFileReference; lastKnownFileType = sourcecode.swift; path = PokemonSkillAnimator.swift; sourceTree = "<group>"; };
		B0EF52E41FD3B31B0043014F /* PokemonSkillAnimatorContext.swift */ = {isa = PBXFileReference; lastKnownFileType = sourcecode.swift; path = PokemonSkillAnimatorContext.swift; sourceTree = "<group>"; };
		B0EF52EC1FD4132D0043014F /* BattlePokemon.swift */ = {isa = PBXFileReference; fileEncoding = 4; lastKnownFileType = sourcecode.swift; path = BattlePokemon.swift; sourceTree = "<group>"; };
		B0EF52EE1FD418A90043014F /* BattleFieldSceneDataProvider.swift */ = {isa = PBXFileReference; lastKnownFileType = sourcecode.swift; path = BattleFieldSceneDataProvider.swift; sourceTree = "<group>"; };
		B0EF52F01FD41F1E0043014F /* LightningPokemonSkillAnimator.swift */ = {isa = PBXFileReference; fileEncoding = 4; lastKnownFileType = sourcecode.swift; path = LightningPokemonSkillAnimator.swift; sourceTree = "<group>"; };
		B0EF53091FD47E140043014F /* FirePokemonSkillAnimator.swift */ = {isa = PBXFileReference; lastKnownFileType = sourcecode.swift; path = FirePokemonSkillAnimator.swift; sourceTree = "<group>"; };
/* End PBXFileReference section */

/* Begin PBXFrameworksBuildPhase section */
		B041FA681FC2ABB000421C05 /* Frameworks */ = {
			isa = PBXFrameworksBuildPhase;
			buildActionMask = 2147483647;
			files = (
				B00DCE2D1FD6E4940024185D /* TinyBattleKit.framework in Frameworks */,
				B04272AB1FD29BEC00ED3D74 /* Realm.framework in Frameworks */,
				B04272AC1FD29BEC00ED3D74 /* RealmSwift.framework in Frameworks */,
			);
			runOnlyForDeploymentPostprocessing = 0;
		};
		B064E68D1FC458BB005476BA /* Frameworks */ = {
			isa = PBXFrameworksBuildPhase;
			buildActionMask = 2147483647;
			files = (
			);
			runOnlyForDeploymentPostprocessing = 0;
		};
/* End PBXFrameworksBuildPhase section */

/* Begin PBXGroup section */
		B041FA621FC2ABB000421C05 = {
			isa = PBXGroup;
			children = (
				B041FA6D1FC2ABB000421C05 /* PokemonBattle */,
				B064E6911FC458BB005476BA /* PokemonBattleTests */,
				B041FA6C1FC2ABB000421C05 /* Products */,
				B0A676501FD1363600278CBE /* Frameworks */,
			);
			sourceTree = "<group>";
		};
		B041FA6C1FC2ABB000421C05 /* Products */ = {
			isa = PBXGroup;
			children = (
				B041FA6B1FC2ABB000421C05 /* PokemonBattle.app */,
				B064E6901FC458BB005476BA /* PokemonBattleTests.xctest */,
			);
			name = Products;
			sourceTree = "<group>";
		};
		B041FA6D1FC2ABB000421C05 /* PokemonBattle */ = {
			isa = PBXGroup;
			children = (
				B0C34E611FC6F393001B388E /* Font */,
				B0CE4F151FC6CEB400343937 /* Sound */,
				B06B2A3D1FD4DAEC00B93DAF /* Skill */,
				B06B2A401FD4DBCD00B93DAF /* Pokemon */,
				B041FA861FC2AC9B00421C05 /* Battle */,
				B06B2A3F1FD4DB8B00B93DAF /* Realm */,
				B041FA6E1FC2ABB000421C05 /* AppDelegate.swift */,
				B0885E221FDA7F2D00629629 /* DualViewController.swift */,
				B00DCE221FD686C00024185D /* PokemonBattleViewController.swift */,
				B02429BD1FDE5CFB00F8644F /* Pokedex.swift */,
				B041FA7B1FC2ABB000421C05 /* Assets.xcassets */,
				B041FA7D1FC2ABB000421C05 /* LaunchScreen.storyboard */,
				B041FA801FC2ABB000421C05 /* Info.plist */,
			);
			path = PokemonBattle;
			sourceTree = "<group>";
		};
		B041FA861FC2AC9B00421C05 /* Battle */ = {
			isa = PBXGroup;
			children = (
				B0B1B66D1FD63FE20033A316 /* Match */,
				B0CE4F021FC6A20E00343937 /* Menu */,
				B0C34E651FC6F913001B388E /* Result */,
				B0CE4F091FC6B9BF00343937 /* Field */,
				B0CE4F081FC6B9B500343937 /* Start */,
				B0A676531FD1378200278CBE /* PokemonBattleSystem.swift */,
				B0A676551FD1389000278CBE /* PokemonBattleContext.swift */,
				B0EF52E41FD3B31B0043014F /* PokemonSkillAnimatorContext.swift */,
				B0EF52E21FD3B30D0043014F /* PokemonSkillAnimator.swift */,
				B06B2A721FD4F7F300B93DAF /* PokemonSkillProvider.swift */,
				B06B2A781FD535DC00B93DAF /* AnyPokemonSkillProvider.swift */,
				B0EF52EC1FD4132D0043014F /* BattlePokemon.swift */,
				B00DCE241FD68CA10024185D /* BattlePokemonRole.swift */,
				B06B2A471FD4DBCD00B93DAF /* Pokemon+BattlePokemon.swift */,
				B063D7D51FD2A01300C88D6E /* PokemonBattlePlayer.swift */,
				B0885E1A1FDA76AA00629629 /* PokemonBattleJoined.swift */,
				B0885E1C1FDA76B600629629 /* PokemonBattleReady.swift */,
				B0885E1E1FDA76C600629629 /* PokemonBattleInvolved.swift */,
				B0885E2E1FDB79D100629629 /* PokemonBattleAction.swift */,
				B063D7D71FD2A12D00C88D6E /* PokemonBattleTurn.swift */,
				B063D7D91FD2A23600C88D6E /* PokemonBattleRecord.swift */,
				B0D1192A1FD652210024C27E /* PokemonBattleRecord+BattleMatch.swift */,
			);
			path = Battle;
			sourceTree = "<group>";
		};
		B064E6911FC458BB005476BA /* PokemonBattleTests */ = {
			isa = PBXGroup;
			children = (
				B064E6941FC458BB005476BA /* Info.plist */,
			);
			path = PokemonBattleTests;
			sourceTree = "<group>";
		};
		B06B2A311FD4D79400B93DAF /* Fire */ = {
			isa = PBXGroup;
			children = (
				B0CE4F181FC6D0A900343937 /* Fire.wav */,
				B06B2A321FD4D7AA00B93DAF /* Fire.xcassets */,
				B0CE4EF31FC6935800343937 /* Fire.sks */,
				B0EF53091FD47E140043014F /* FirePokemonSkillAnimator.swift */,
				B06B2A2F1FD47F4100B93DAF /* FirePokemonSkillProvider.swift */,
				B06B2A701FD4F2A700B93DAF /* FirePokemonSkill.swift */,
			);
			path = Fire;
			sourceTree = "<group>";
		};
		B06B2A381FD4D97C00B93DAF /* Lightning */ = {
			isa = PBXGroup;
			children = (
				B0CE4F161FC6CEC000343937 /* Lightning.wav */,
				B0CE4EF41FC6935800343937 /* Lightning.xcassets */,
				B0CE4F0F1FC6BD3700343937 /* Lightning.sks */,
				B0EF52F01FD41F1E0043014F /* LightningPokemonSkillAnimator.swift */,
				B0A676601FD13DB100278CBE /* LightningPokemonSkillProvider.swift */,
				B06B2A741FD4FE1300B93DAF /* LightningPokemonSkill.swift */,
			);
			path = Lightning;
			sourceTree = "<group>";
		};
		B06B2A3D1FD4DAEC00B93DAF /* Skill */ = {
			isa = PBXGroup;
			children = (
				B06B2A311FD4D79400B93DAF /* Fire */,
				B06B2A381FD4D97C00B93DAF /* Lightning */,
				B06B2A531FD4DCA200B93DAF /* PokemonSkill.swift */,
				B06B2A761FD516CA00B93DAF /* AnyPokemonSkill.swift */,
			);
			path = Skill;
			sourceTree = "<group>";
		};
		B06B2A3F1FD4DB8B00B93DAF /* Realm */ = {
			isa = PBXGroup;
			children = (
				B04272AE1FD29C6900ED3D74 /* RealmBattleServerDataProvider.swift */,
				B0B1B6761FD643D50033A316 /* RealmBattleMatchDataProvider.swift */,
				B020C8B61FD97C1000BBE17A /* BattleEntityRealmObject.swift */,
				B02429C11FDEB6F300F8644F /* BattleSkillRealmObject.swift */,
				B0885E201FDA789A00629629 /* BattleActionRealmObject.swift */,
				B04272B01FD29D9B00ED3D74 /* BattlePlayerRealmObject.swift */,
				B0885E2A1FDB771E00629629 /* BattleJoinedRealmObject.swift */,
				B0885E2C1FDB781A00629629 /* BattleReadyRealmObject.swift */,
				B0885E281FDB75BC00629629 /* BattleInvolvedRealmObject.swift */,
				B04272B21FD29D9C00ED3D74 /* BattleRecordRealmObject.swift */,
				B04272B11FD29D9B00ED3D74 /* BattleTurnRealmObject.swift */,
			);
			path = Realm;
			sourceTree = "<group>";
		};
		B06B2A401FD4DBCD00B93DAF /* Pokemon */ = {
			isa = PBXGroup;
			children = (
				B06B2A411FD4DBCD00B93DAF /* Pikachu */,
				B06B2A441FD4DBCD00B93DAF /* Charmander */,
				B06B2A481FD4DBCD00B93DAF /* Pokemon.swift */,
				B06B2A491FD4DBCD00B93DAF /* PokemonConfig.swift */,
				B06B2A4A1FD4DBCD00B93DAF /* PokemonGenerator.swift */,
			);
			path = Pokemon;
			sourceTree = "<group>";
		};
		B06B2A411FD4DBCD00B93DAF /* Pikachu */ = {
			isa = PBXGroup;
			children = (
				B06B2A421FD4DBCD00B93DAF /* Pikachu.swift */,
				B06B2A431FD4DBCD00B93DAF /* Pikachu.plist */,
			);
			path = Pikachu;
			sourceTree = "<group>";
		};
		B06B2A441FD4DBCD00B93DAF /* Charmander */ = {
			isa = PBXGroup;
			children = (
				B06B2A451FD4DBCD00B93DAF /* Charmander.swift */,
				B06B2A461FD4DBCD00B93DAF /* Charmander.plist */,
			);
			path = Charmander;
			sourceTree = "<group>";
		};
		B0A676501FD1363600278CBE /* Frameworks */ = {
			isa = PBXGroup;
			children = (
				B04272A91FD29BEC00ED3D74 /* Realm.framework */,
				B04272AA1FD29BEC00ED3D74 /* RealmSwift.framework */,
				B0A676521FD1363600278CBE /* TinyBattleKit.framework */,
			);
			name = Frameworks;
			sourceTree = "<group>";
		};
		B0B1B66D1FD63FE20033A316 /* Match */ = {
			isa = PBXGroup;
			children = (
				B020C8AE1FD8D00A00BBE17A /* Match.storyboard */,
				B0B1B6721FD641690033A316 /* BattleMatchDataProvider.swift */,
				B0B1B6741FD641C60033A316 /* BattleMatch.swift */,
				B0B1B6701FD640C70033A316 /* BattleMatchTableViewCell.swift */,
				B020C8B21FD8D0DE00BBE17A /* BattleMatchLandingViewController.swift */,
				B00DCE281FD6DB760024185D /* BattleMatchLobbyViewController.swift */,
				B0B1B66E1FD63FFE0033A316 /* BattleMatchSearchViewController.swift */,
			);
			path = Match;
			sourceTree = "<group>";
		};
		B0C34E611FC6F393001B388E /* Font */ = {
			isa = PBXGroup;
			children = (
				B0C34E621FC6F39A001B388E /* Pokemon GB.ttf */,
			);
			path = Font;
			sourceTree = "<group>";
		};
		B0C34E651FC6F913001B388E /* Result */ = {
			isa = PBXGroup;
			children = (
				B0C34E6C1FC70AA6001B388E /* LegacyBattleResult.swift */,
				B0C34E681FC6F9A6001B388E /* BattleResultViewController.swift */,
				B0C34E6A1FC6F9D5001B388E /* Battle.storyboard */,
			);
			path = Result;
			sourceTree = "<group>";
		};
		B0CE4F021FC6A20E00343937 /* Menu */ = {
			isa = PBXGroup;
			children = (
				B0CE4F261FC6EC8E00343937 /* BattleMenuTableViewCell.swift */,
				B0CE4F281FC6ECAB00343937 /* BattleMenuTableViewCell.xib */,
				B0CE4F031FC6A21E00343937 /* BattleMenuTableViewController.swift */,
				B0CE4F051FC6A36800343937 /* BattleMenuDataProvider.swift */,
			);
			path = Menu;
			sourceTree = "<group>";
		};
		B0CE4F081FC6B9B500343937 /* Start */ = {
			isa = PBXGroup;
			children = (
				B041FA901FC2C03D00421C05 /* BattleStartScene.sks */,
				B041FA921FC2C04600421C05 /* BattleStartScene.swift */,
			);
			path = Start;
			sourceTree = "<group>";
		};
		B0CE4F091FC6B9BF00343937 /* Field */ = {
			isa = PBXGroup;
			children = (
				B0CE4EF01FC5BA0B00343937 /* BattleField.swift */,
				B0124D9E1FC2E0EA00A3A58C /* BattleFieldScene.swift */,
				B0EF52EE1FD418A90043014F /* BattleFieldSceneDataProvider.swift */,
			);
			path = Field;
			sourceTree = "<group>";
		};
		B0CE4F151FC6CEB400343937 /* Sound */ = {
			isa = PBXGroup;
			children = (
				B0CE4F1C1FC6D28800343937 /* Battle.mp3 */,
				B0CE4F1A1FC6D18B00343937 /* BodySlam.wav */,
				B0CE4F201FC6D9F300343937 /* TailWhip.wav */,
				B0CE4F241FC6DC6A00343937 /* PoisonPowder.wav */,
			);
			path = Sound;
			sourceTree = "<group>";
		};
/* End PBXGroup section */

/* Begin PBXNativeTarget section */
		B041FA6A1FC2ABB000421C05 /* PokemonBattle */ = {
			isa = PBXNativeTarget;
			buildConfigurationList = B041FA831FC2ABB000421C05 /* Build configuration list for PBXNativeTarget "PokemonBattle" */;
			buildPhases = (
				B041FA671FC2ABB000421C05 /* Sources */,
				B041FA681FC2ABB000421C05 /* Frameworks */,
				B041FA691FC2ABB000421C05 /* Resources */,
				B04272AD1FD29BF300ED3D74 /* Carthage */,
				B00DCE2F1FD6E4940024185D /* Embed Frameworks */,
			);
			buildRules = (
			);
			dependencies = (
			);
			name = PokemonBattle;
			productName = PokemonBattle;
			productReference = B041FA6B1FC2ABB000421C05 /* PokemonBattle.app */;
			productType = "com.apple.product-type.application";
		};
		B064E68F1FC458BB005476BA /* PokemonBattleTests */ = {
			isa = PBXNativeTarget;
			buildConfigurationList = B064E6971FC458BB005476BA /* Build configuration list for PBXNativeTarget "PokemonBattleTests" */;
			buildPhases = (
				B064E68C1FC458BB005476BA /* Sources */,
				B064E68D1FC458BB005476BA /* Frameworks */,
				B064E68E1FC458BB005476BA /* Resources */,
			);
			buildRules = (
			);
			dependencies = (
				B064E6961FC458BB005476BA /* PBXTargetDependency */,
			);
			name = PokemonBattleTests;
			productName = PokemonBattleTests;
			productReference = B064E6901FC458BB005476BA /* PokemonBattleTests.xctest */;
			productType = "com.apple.product-type.bundle.unit-test";
		};
/* End PBXNativeTarget section */

/* Begin PBXProject section */
		B041FA631FC2ABB000421C05 /* Project object */ = {
			isa = PBXProject;
			attributes = {
				LastSwiftUpdateCheck = 0910;
				LastUpgradeCheck = 0910;
				ORGANIZATIONNAME = TinyWorld;
				TargetAttributes = {
					B041FA6A1FC2ABB000421C05 = {
						CreatedOnToolsVersion = 9.1;
						ProvisioningStyle = Automatic;
					};
					B064E68F1FC458BB005476BA = {
						CreatedOnToolsVersion = 9.1;
						LastSwiftMigration = 0910;
						ProvisioningStyle = Automatic;
						TestTargetID = B041FA6A1FC2ABB000421C05;
					};
				};
			};
			buildConfigurationList = B041FA661FC2ABB000421C05 /* Build configuration list for PBXProject "PokemonBattle" */;
			compatibilityVersion = "Xcode 8.0";
			developmentRegion = en;
			hasScannedForEncodings = 0;
			knownRegions = (
				en,
				Base,
			);
			mainGroup = B041FA621FC2ABB000421C05;
			productRefGroup = B041FA6C1FC2ABB000421C05 /* Products */;
			projectDirPath = "";
			projectRoot = "";
			targets = (
				B041FA6A1FC2ABB000421C05 /* PokemonBattle */,
				B064E68F1FC458BB005476BA /* PokemonBattleTests */,
			);
		};
/* End PBXProject section */

/* Begin PBXResourcesBuildPhase section */
		B041FA691FC2ABB000421C05 /* Resources */ = {
			isa = PBXResourcesBuildPhase;
			buildActionMask = 2147483647;
			files = (
				B041FA7C1FC2ABB000421C05 /* Assets.xcassets in Resources */,
				B06B2A331FD4D7AA00B93DAF /* Fire.xcassets in Resources */,
				B06B2A4C1FD4DBCD00B93DAF /* Pikachu.plist in Resources */,
				B0CE4F251FC6DC6A00343937 /* PoisonPowder.wav in Resources */,
				B0CE4F101FC6BD3700343937 /* Lightning.sks in Resources */,
				B0CE4EF51FC6935800343937 /* Fire.sks in Resources */,
				B041FA7F1FC2ABB000421C05 /* LaunchScreen.storyboard in Resources */,
				B06B2A4E1FD4DBCD00B93DAF /* Charmander.plist in Resources */,
				B0CE4F211FC6D9F300343937 /* TailWhip.wav in Resources */,
				B0CE4F291FC6ECAB00343937 /* BattleMenuTableViewCell.xib in Resources */,
				B0CE4F171FC6CEC000343937 /* Lightning.wav in Resources */,
				B020C8AF1FD8D00A00BBE17A /* Match.storyboard in Resources */,
				B0CE4F1D1FC6D28800343937 /* Battle.mp3 in Resources */,
				B0C34E6B1FC6F9D5001B388E /* Battle.storyboard in Resources */,
				B0CE4F191FC6D0A900343937 /* Fire.wav in Resources */,
				B0CE4F1B1FC6D18B00343937 /* BodySlam.wav in Resources */,
				B041FA911FC2C03D00421C05 /* BattleStartScene.sks in Resources */,
				B0C34E641FC6F47D001B388E /* Pokemon GB.ttf in Resources */,
				B0CE4EF61FC6935800343937 /* Lightning.xcassets in Resources */,
			);
			runOnlyForDeploymentPostprocessing = 0;
		};
		B064E68E1FC458BB005476BA /* Resources */ = {
			isa = PBXResourcesBuildPhase;
			buildActionMask = 2147483647;
			files = (
			);
			runOnlyForDeploymentPostprocessing = 0;
		};
/* End PBXResourcesBuildPhase section */

/* Begin PBXShellScriptBuildPhase section */
		B04272AD1FD29BF300ED3D74 /* Carthage */ = {
			isa = PBXShellScriptBuildPhase;
			buildActionMask = 2147483647;
			files = (
			);
			inputPaths = (
				"$(SRCROOT)/Carthage/Build/iOS/Realm.framework",
				"$(SRCROOT)/Carthage/Build/iOS/RealmSwift.framework",
			);
			name = Carthage;
			outputPaths = (
				"$(BUILT_PRODUCTS_DIR)/$(FRAMEWORKS_FOLDER_PATH)/Realm.framework",
				"$(BUILT_PRODUCTS_DIR)/$(FRAMEWORKS_FOLDER_PATH)/RealmSwift.framework",
			);
			runOnlyForDeploymentPostprocessing = 0;
			shellPath = /bin/sh;
			shellScript = "/usr/local/bin/carthage copy-frameworks";
		};
/* End PBXShellScriptBuildPhase section */

/* Begin PBXSourcesBuildPhase section */
		B041FA671FC2ABB000421C05 /* Sources */ = {
			isa = PBXSourcesBuildPhase;
			buildActionMask = 2147483647;
			files = (
				B02429C21FDEB6F300F8644F /* BattleSkillRealmObject.swift in Sources */,
				B06B2A771FD516CA00B93DAF /* AnyPokemonSkill.swift in Sources */,
				B063D7D61FD2A01300C88D6E /* PokemonBattlePlayer.swift in Sources */,
				B0CE4EF11FC5BA0B00343937 /* BattleField.swift in Sources */,
				B0EF52F11FD41F1E0043014F /* LightningPokemonSkillAnimator.swift in Sources */,
				B0EF52ED1FD4132D0043014F /* BattlePokemon.swift in Sources */,
				B04272B51FD29D9C00ED3D74 /* BattleRecordRealmObject.swift in Sources */,
				B0B1B6711FD640C70033A316 /* BattleMatchTableViewCell.swift in Sources */,
				B00DCE251FD68CA10024185D /* BattlePokemonRole.swift in Sources */,
				B06B2A4B1FD4DBCD00B93DAF /* Pikachu.swift in Sources */,
				B06B2A751FD4FE1300B93DAF /* LightningPokemonSkill.swift in Sources */,
				B0885E1F1FDA76C600629629 /* PokemonBattleInvolved.swift in Sources */,
				B06B2A791FD535DC00B93DAF /* AnyPokemonSkillProvider.swift in Sources */,
				B0885E291FDB75BC00629629 /* BattleInvolvedRealmObject.swift in Sources */,
				B041FA931FC2C04600421C05 /* BattleStartScene.swift in Sources */,
				B06B2A731FD4F7F300B93DAF /* PokemonSkillProvider.swift in Sources */,
				B0885E2D1FDB781A00629629 /* BattleReadyRealmObject.swift in Sources */,
				B0885E1B1FDA76AA00629629 /* PokemonBattleJoined.swift in Sources */,
				B0885E231FDA7F2D00629629 /* DualViewController.swift in Sources */,
				B06B2A4D1FD4DBCD00B93DAF /* Charmander.swift in Sources */,
				B0EF52E31FD3B30D0043014F /* PokemonSkillAnimator.swift in Sources */,
				B06B2A521FD4DBCD00B93DAF /* PokemonGenerator.swift in Sources */,
				B0A676611FD13DB100278CBE /* LightningPokemonSkillProvider.swift in Sources */,
				B06B2A711FD4F2A700B93DAF /* FirePokemonSkill.swift in Sources */,
				B0124D9F1FC2E0EA00A3A58C /* BattleFieldScene.swift in Sources */,
				B0A676541FD1378200278CBE /* PokemonBattleSystem.swift in Sources */,
				B020C8B71FD97C1000BBE17A /* BattleEntityRealmObject.swift in Sources */,
				B063D7DA1FD2A23600C88D6E /* PokemonBattleRecord.swift in Sources */,
				B0CE4F041FC6A21E00343937 /* BattleMenuTableViewController.swift in Sources */,
				B0B1B6731FD641690033A316 /* BattleMatchDataProvider.swift in Sources */,
				B06B2A511FD4DBCD00B93DAF /* PokemonConfig.swift in Sources */,
				B06B2A4F1FD4DBCD00B93DAF /* Pokemon+BattlePokemon.swift in Sources */,
				B0C34E691FC6F9A6001B388E /* BattleResultViewController.swift in Sources */,
				B06B2A501FD4DBCD00B93DAF /* Pokemon.swift in Sources */,
				B04272B41FD29D9C00ED3D74 /* BattleTurnRealmObject.swift in Sources */,
				B0EF52E51FD3B31B0043014F /* PokemonSkillAnimatorContext.swift in Sources */,
				B0885E1D1FDA76B600629629 /* PokemonBattleReady.swift in Sources */,
				B0C34E6D1FC70AA6001B388E /* LegacyBattleResult.swift in Sources */,
				B0EF530A1FD47E140043014F /* FirePokemonSkillAnimator.swift in Sources */,
				B06B2A301FD47F4100B93DAF /* FirePokemonSkillProvider.swift in Sources */,
				B0B1B6771FD643D50033A316 /* RealmBattleMatchDataProvider.swift in Sources */,
				B06B2A541FD4DCA200B93DAF /* PokemonSkill.swift in Sources */,
				B04272B31FD29D9C00ED3D74 /* BattlePlayerRealmObject.swift in Sources */,
				B0D1192B1FD652210024C27E /* PokemonBattleRecord+BattleMatch.swift in Sources */,
				B04272AF1FD29C6900ED3D74 /* RealmBattleServerDataProvider.swift in Sources */,
				B0885E211FDA789A00629629 /* BattleActionRealmObject.swift in Sources */,
				B00DCE231FD686C00024185D /* PokemonBattleViewController.swift in Sources */,
				B0B1B66F1FD63FFE0033A316 /* BattleMatchSearchViewController.swift in Sources */,
				B041FA6F1FC2ABB000421C05 /* AppDelegate.swift in Sources */,
				B00DCE291FD6DB760024185D /* BattleMatchLobbyViewController.swift in Sources */,
				B02429BE1FDE5CFB00F8644F /* Pokedex.swift in Sources */,
				B0A676561FD1389000278CBE /* PokemonBattleContext.swift in Sources */,
				B0EF52EF1FD418A90043014F /* BattleFieldSceneDataProvider.swift in Sources */,
				B0885E2F1FDB79D100629629 /* PokemonBattleAction.swift in Sources */,
				B0885E2B1FDB771E00629629 /* BattleJoinedRealmObject.swift in Sources */,
				B063D7D81FD2A12D00C88D6E /* PokemonBattleTurn.swift in Sources */,
				B020C8B31FD8D0DE00BBE17A /* BattleMatchLandingViewController.swift in Sources */,
				B0CE4F271FC6EC8E00343937 /* BattleMenuTableViewCell.swift in Sources */,
				B0CE4F061FC6A36800343937 /* BattleMenuDataProvider.swift in Sources */,
				B0B1B6751FD641C60033A316 /* BattleMatch.swift in Sources */,
			);
			runOnlyForDeploymentPostprocessing = 0;
		};
		B064E68C1FC458BB005476BA /* Sources */ = {
			isa = PBXSourcesBuildPhase;
			buildActionMask = 2147483647;
			files = (
			);
			runOnlyForDeploymentPostprocessing = 0;
		};
/* End PBXSourcesBuildPhase section */

/* Begin PBXTargetDependency section */
		B064E6961FC458BB005476BA /* PBXTargetDependency */ = {
			isa = PBXTargetDependency;
			target = B041FA6A1FC2ABB000421C05 /* PokemonBattle */;
			targetProxy = B064E6951FC458BB005476BA /* PBXContainerItemProxy */;
		};
/* End PBXTargetDependency section */

/* Begin PBXVariantGroup section */
		B041FA7D1FC2ABB000421C05 /* LaunchScreen.storyboard */ = {
			isa = PBXVariantGroup;
			children = (
				B041FA7E1FC2ABB000421C05 /* Base */,
			);
			name = LaunchScreen.storyboard;
			sourceTree = "<group>";
		};
/* End PBXVariantGroup section */

/* Begin XCBuildConfiguration section */
		B041FA811FC2ABB000421C05 /* Debug */ = {
			isa = XCBuildConfiguration;
			buildSettings = {
				ALWAYS_SEARCH_USER_PATHS = NO;
				CLANG_ANALYZER_NONNULL = YES;
				CLANG_ANALYZER_NUMBER_OBJECT_CONVERSION = YES_AGGRESSIVE;
				CLANG_CXX_LANGUAGE_STANDARD = "gnu++14";
				CLANG_CXX_LIBRARY = "libc++";
				CLANG_ENABLE_MODULES = YES;
				CLANG_ENABLE_OBJC_ARC = YES;
				CLANG_WARN_BLOCK_CAPTURE_AUTORELEASING = YES;
				CLANG_WARN_BOOL_CONVERSION = YES;
				CLANG_WARN_COMMA = YES;
				CLANG_WARN_CONSTANT_CONVERSION = YES;
				CLANG_WARN_DIRECT_OBJC_ISA_USAGE = YES_ERROR;
				CLANG_WARN_DOCUMENTATION_COMMENTS = YES;
				CLANG_WARN_EMPTY_BODY = YES;
				CLANG_WARN_ENUM_CONVERSION = YES;
				CLANG_WARN_INFINITE_RECURSION = YES;
				CLANG_WARN_INT_CONVERSION = YES;
				CLANG_WARN_NON_LITERAL_NULL_CONVERSION = YES;
				CLANG_WARN_OBJC_LITERAL_CONVERSION = YES;
				CLANG_WARN_OBJC_ROOT_CLASS = YES_ERROR;
				CLANG_WARN_RANGE_LOOP_ANALYSIS = YES;
				CLANG_WARN_STRICT_PROTOTYPES = YES;
				CLANG_WARN_SUSPICIOUS_MOVE = YES;
				CLANG_WARN_UNGUARDED_AVAILABILITY = YES_AGGRESSIVE;
				CLANG_WARN_UNREACHABLE_CODE = YES;
				CLANG_WARN__DUPLICATE_METHOD_MATCH = YES;
				CODE_SIGN_IDENTITY = "iPhone Developer";
				COPY_PHASE_STRIP = NO;
				DEBUG_INFORMATION_FORMAT = dwarf;
				ENABLE_STRICT_OBJC_MSGSEND = YES;
				ENABLE_TESTABILITY = YES;
				GCC_C_LANGUAGE_STANDARD = gnu11;
				GCC_DYNAMIC_NO_PIC = NO;
				GCC_NO_COMMON_BLOCKS = YES;
				GCC_OPTIMIZATION_LEVEL = 0;
				GCC_PREPROCESSOR_DEFINITIONS = (
					"DEBUG=1",
					"$(inherited)",
				);
				GCC_WARN_64_TO_32_BIT_CONVERSION = YES;
				GCC_WARN_ABOUT_RETURN_TYPE = YES_ERROR;
				GCC_WARN_UNDECLARED_SELECTOR = YES;
				GCC_WARN_UNINITIALIZED_AUTOS = YES_AGGRESSIVE;
				GCC_WARN_UNUSED_FUNCTION = YES;
				GCC_WARN_UNUSED_VARIABLE = YES;
				IPHONEOS_DEPLOYMENT_TARGET = 11.0;
				MTL_ENABLE_DEBUG_INFO = YES;
				ONLY_ACTIVE_ARCH = YES;
				SDKROOT = iphoneos;
				SWIFT_ACTIVE_COMPILATION_CONDITIONS = DEBUG;
				SWIFT_OPTIMIZATION_LEVEL = "-Onone";
			};
			name = Debug;
		};
		B041FA821FC2ABB000421C05 /* Release */ = {
			isa = XCBuildConfiguration;
			buildSettings = {
				ALWAYS_SEARCH_USER_PATHS = NO;
				CLANG_ANALYZER_NONNULL = YES;
				CLANG_ANALYZER_NUMBER_OBJECT_CONVERSION = YES_AGGRESSIVE;
				CLANG_CXX_LANGUAGE_STANDARD = "gnu++14";
				CLANG_CXX_LIBRARY = "libc++";
				CLANG_ENABLE_MODULES = YES;
				CLANG_ENABLE_OBJC_ARC = YES;
				CLANG_WARN_BLOCK_CAPTURE_AUTORELEASING = YES;
				CLANG_WARN_BOOL_CONVERSION = YES;
				CLANG_WARN_COMMA = YES;
				CLANG_WARN_CONSTANT_CONVERSION = YES;
				CLANG_WARN_DIRECT_OBJC_ISA_USAGE = YES_ERROR;
				CLANG_WARN_DOCUMENTATION_COMMENTS = YES;
				CLANG_WARN_EMPTY_BODY = YES;
				CLANG_WARN_ENUM_CONVERSION = YES;
				CLANG_WARN_INFINITE_RECURSION = YES;
				CLANG_WARN_INT_CONVERSION = YES;
				CLANG_WARN_NON_LITERAL_NULL_CONVERSION = YES;
				CLANG_WARN_OBJC_LITERAL_CONVERSION = YES;
				CLANG_WARN_OBJC_ROOT_CLASS = YES_ERROR;
				CLANG_WARN_RANGE_LOOP_ANALYSIS = YES;
				CLANG_WARN_STRICT_PROTOTYPES = YES;
				CLANG_WARN_SUSPICIOUS_MOVE = YES;
				CLANG_WARN_UNGUARDED_AVAILABILITY = YES_AGGRESSIVE;
				CLANG_WARN_UNREACHABLE_CODE = YES;
				CLANG_WARN__DUPLICATE_METHOD_MATCH = YES;
				CODE_SIGN_IDENTITY = "iPhone Developer";
				COPY_PHASE_STRIP = NO;
				DEBUG_INFORMATION_FORMAT = "dwarf-with-dsym";
				ENABLE_NS_ASSERTIONS = NO;
				ENABLE_STRICT_OBJC_MSGSEND = YES;
				GCC_C_LANGUAGE_STANDARD = gnu11;
				GCC_NO_COMMON_BLOCKS = YES;
				GCC_WARN_64_TO_32_BIT_CONVERSION = YES;
				GCC_WARN_ABOUT_RETURN_TYPE = YES_ERROR;
				GCC_WARN_UNDECLARED_SELECTOR = YES;
				GCC_WARN_UNINITIALIZED_AUTOS = YES_AGGRESSIVE;
				GCC_WARN_UNUSED_FUNCTION = YES;
				GCC_WARN_UNUSED_VARIABLE = YES;
				IPHONEOS_DEPLOYMENT_TARGET = 11.0;
				MTL_ENABLE_DEBUG_INFO = NO;
				SDKROOT = iphoneos;
				SWIFT_OPTIMIZATION_LEVEL = "-Owholemodule";
				VALIDATE_PRODUCT = YES;
			};
			name = Release;
		};
		B041FA841FC2ABB000421C05 /* Debug */ = {
			isa = XCBuildConfiguration;
			buildSettings = {
				ASSETCATALOG_COMPILER_APPICON_NAME = AppIcon;
				CODE_SIGN_STYLE = Automatic;
				DEVELOPMENT_TEAM = 5CE6946X84;
				FRAMEWORK_SEARCH_PATHS = (
					"$(inherited)",
					"$(PROJECT_DIR)/Carthage/Build/iOS",
				);
				INFOPLIST_FILE = PokemonBattle/Info.plist;
				LD_RUNPATH_SEARCH_PATHS = "$(inherited) @executable_path/Frameworks";
				PRODUCT_BUNDLE_IDENTIFIER = com.tinyworld.PokemonBattle;
				PRODUCT_NAME = "$(TARGET_NAME)";
				SWIFT_VERSION = 4.0;
				TARGETED_DEVICE_FAMILY = "1,2";
			};
			name = Debug;
		};
		B041FA851FC2ABB000421C05 /* Release */ = {
			isa = XCBuildConfiguration;
			buildSettings = {
				ASSETCATALOG_COMPILER_APPICON_NAME = AppIcon;
				CODE_SIGN_STYLE = Automatic;
				DEVELOPMENT_TEAM = 5CE6946X84;
				FRAMEWORK_SEARCH_PATHS = (
					"$(inherited)",
					"$(PROJECT_DIR)/Carthage/Build/iOS",
				);
				INFOPLIST_FILE = PokemonBattle/Info.plist;
				LD_RUNPATH_SEARCH_PATHS = "$(inherited) @executable_path/Frameworks";
				PRODUCT_BUNDLE_IDENTIFIER = com.tinyworld.PokemonBattle;
				PRODUCT_NAME = "$(TARGET_NAME)";
				SWIFT_VERSION = 4.0;
				TARGETED_DEVICE_FAMILY = "1,2";
			};
			name = Release;
		};
		B064E6981FC458BB005476BA /* Debug */ = {
			isa = XCBuildConfiguration;
			buildSettings = {
				BUNDLE_LOADER = "$(TEST_HOST)";
				CLANG_ENABLE_MODULES = YES;
				CODE_SIGN_STYLE = Automatic;
				DEVELOPMENT_TEAM = 5CE6946X84;
				INFOPLIST_FILE = PokemonBattleTests/Info.plist;
				IPHONEOS_DEPLOYMENT_TARGET = 11.1;
				LD_RUNPATH_SEARCH_PATHS = "$(inherited) @executable_path/Frameworks @loader_path/Frameworks";
				PRODUCT_BUNDLE_IDENTIFIER = com.tinyworld.PokemonBattleTests;
				PRODUCT_NAME = "$(TARGET_NAME)";
				SWIFT_OPTIMIZATION_LEVEL = "-Onone";
				SWIFT_VERSION = 4.0;
				TARGETED_DEVICE_FAMILY = "1,2";
				TEST_HOST = "$(BUILT_PRODUCTS_DIR)/PokemonBattle.app/PokemonBattle";
			};
			name = Debug;
		};
		B064E6991FC458BB005476BA /* Release */ = {
			isa = XCBuildConfiguration;
			buildSettings = {
				BUNDLE_LOADER = "$(TEST_HOST)";
				CLANG_ENABLE_MODULES = YES;
				CODE_SIGN_STYLE = Automatic;
				DEVELOPMENT_TEAM = 5CE6946X84;
				INFOPLIST_FILE = PokemonBattleTests/Info.plist;
				IPHONEOS_DEPLOYMENT_TARGET = 11.1;
				LD_RUNPATH_SEARCH_PATHS = "$(inherited) @executable_path/Frameworks @loader_path/Frameworks";
				PRODUCT_BUNDLE_IDENTIFIER = com.tinyworld.PokemonBattleTests;
				PRODUCT_NAME = "$(TARGET_NAME)";
				SWIFT_VERSION = 4.0;
				TARGETED_DEVICE_FAMILY = "1,2";
				TEST_HOST = "$(BUILT_PRODUCTS_DIR)/PokemonBattle.app/PokemonBattle";
			};
			name = Release;
		};
/* End XCBuildConfiguration section */

/* Begin XCConfigurationList section */
		B041FA661FC2ABB000421C05 /* Build configuration list for PBXProject "PokemonBattle" */ = {
			isa = XCConfigurationList;
			buildConfigurations = (
				B041FA811FC2ABB000421C05 /* Debug */,
				B041FA821FC2ABB000421C05 /* Release */,
			);
			defaultConfigurationIsVisible = 0;
			defaultConfigurationName = Release;
		};
		B041FA831FC2ABB000421C05 /* Build configuration list for PBXNativeTarget "PokemonBattle" */ = {
			isa = XCConfigurationList;
			buildConfigurations = (
				B041FA841FC2ABB000421C05 /* Debug */,
				B041FA851FC2ABB000421C05 /* Release */,
			);
			defaultConfigurationIsVisible = 0;
			defaultConfigurationName = Release;
		};
		B064E6971FC458BB005476BA /* Build configuration list for PBXNativeTarget "PokemonBattleTests" */ = {
			isa = XCConfigurationList;
			buildConfigurations = (
				B064E6981FC458BB005476BA /* Debug */,
				B064E6991FC458BB005476BA /* Release */,
			);
			defaultConfigurationIsVisible = 0;
			defaultConfigurationName = Release;
		};
/* End XCConfigurationList section */
	};
	rootObject = B041FA631FC2ABB000421C05 /* Project object */;
}
