// !$*UTF8*$!
{
	archiveVersion = 1;
	classes = {
	};
	objectVersion = 48;
	objects = {

/* Begin PBXBuildFile section */
		B0124D9F1FC2E0EA00A3A58C /* BattleFieldScene.swift in Sources */ = {isa = PBXBuildFile; fileRef = B0124D9E1FC2E0EA00A3A58C /* BattleFieldScene.swift */; };
		B041FA6F1FC2ABB000421C05 /* AppDelegate.swift in Sources */ = {isa = PBXBuildFile; fileRef = B041FA6E1FC2ABB000421C05 /* AppDelegate.swift */; };
		B041FA7C1FC2ABB000421C05 /* Assets.xcassets in Resources */ = {isa = PBXBuildFile; fileRef = B041FA7B1FC2ABB000421C05 /* Assets.xcassets */; };
		B041FA7F1FC2ABB000421C05 /* LaunchScreen.storyboard in Resources */ = {isa = PBXBuildFile; fileRef = B041FA7D1FC2ABB000421C05 /* LaunchScreen.storyboard */; };
		B041FA911FC2C03D00421C05 /* BattleStartScene.sks in Resources */ = {isa = PBXBuildFile; fileRef = B041FA901FC2C03D00421C05 /* BattleStartScene.sks */; };
		B041FA931FC2C04600421C05 /* BattleStartScene.swift in Sources */ = {isa = PBXBuildFile; fileRef = B041FA921FC2C04600421C05 /* BattleStartScene.swift */; };
		B04272A81FD27CCA00ED3D74 /* PokemonBattleViewController.swift in Sources */ = {isa = PBXBuildFile; fileRef = B04272A71FD27CCA00ED3D74 /* PokemonBattleViewController.swift */; };
		B04272AB1FD29BEC00ED3D74 /* Realm.framework in Frameworks */ = {isa = PBXBuildFile; fileRef = B04272A91FD29BEC00ED3D74 /* Realm.framework */; };
		B04272AC1FD29BEC00ED3D74 /* RealmSwift.framework in Frameworks */ = {isa = PBXBuildFile; fileRef = B04272AA1FD29BEC00ED3D74 /* RealmSwift.framework */; };
		B04272AF1FD29C6900ED3D74 /* RealmServerDataProvider.swift in Sources */ = {isa = PBXBuildFile; fileRef = B04272AE1FD29C6900ED3D74 /* RealmServerDataProvider.swift */; };
		B04272B31FD29D9C00ED3D74 /* BattlePlayerRealmObject.swift in Sources */ = {isa = PBXBuildFile; fileRef = B04272B01FD29D9B00ED3D74 /* BattlePlayerRealmObject.swift */; };
		B04272B41FD29D9C00ED3D74 /* BattleTurnRealmObject.swift in Sources */ = {isa = PBXBuildFile; fileRef = B04272B11FD29D9B00ED3D74 /* BattleTurnRealmObject.swift */; };
		B04272B51FD29D9C00ED3D74 /* BattleRecordRealmObject.swift in Sources */ = {isa = PBXBuildFile; fileRef = B04272B21FD29D9C00ED3D74 /* BattleRecordRealmObject.swift */; };
		B063D7D61FD2A01300C88D6E /* PokemonBattlePlayer.swift in Sources */ = {isa = PBXBuildFile; fileRef = B063D7D51FD2A01300C88D6E /* PokemonBattlePlayer.swift */; };
		B063D7D81FD2A12D00C88D6E /* PokemonBattleTurn.swift in Sources */ = {isa = PBXBuildFile; fileRef = B063D7D71FD2A12D00C88D6E /* PokemonBattleTurn.swift */; };
		B063D7DA1FD2A23600C88D6E /* PokemonBattleRecord.swift in Sources */ = {isa = PBXBuildFile; fileRef = B063D7D91FD2A23600C88D6E /* PokemonBattleRecord.swift */; };
		B0A676511FD1363600278CBE /* TinyBattleKit.framework in Frameworks */ = {isa = PBXBuildFile; fileRef = B0A676521FD1363600278CBE /* TinyBattleKit.framework */; };
		B0A676541FD1378200278CBE /* PokemonBattleSystem.swift in Sources */ = {isa = PBXBuildFile; fileRef = B0A676531FD1378200278CBE /* PokemonBattleSystem.swift */; };
		B0A676561FD1389000278CBE /* PokemonBattleContext.swift in Sources */ = {isa = PBXBuildFile; fileRef = B0A676551FD1389000278CBE /* PokemonBattleContext.swift */; };
		B0A676611FD13DB100278CBE /* LightningPokemonSkillProvider.swift in Sources */ = {isa = PBXBuildFile; fileRef = B0A676601FD13DB100278CBE /* LightningPokemonSkillProvider.swift */; };
		B0A676681FD1597800278CBE /* PokemonBattleContextError.swift in Sources */ = {isa = PBXBuildFile; fileRef = B0A676671FD1597800278CBE /* PokemonBattleContextError.swift */; };
		B0C34E641FC6F47D001B388E /* Pokemon GB.ttf in Resources */ = {isa = PBXBuildFile; fileRef = B0C34E621FC6F39A001B388E /* Pokemon GB.ttf */; };
		B0C34E691FC6F9A6001B388E /* BattleResultViewController.swift in Sources */ = {isa = PBXBuildFile; fileRef = B0C34E681FC6F9A6001B388E /* BattleResultViewController.swift */; };
		B0C34E6B1FC6F9D5001B388E /* Battle.storyboard in Resources */ = {isa = PBXBuildFile; fileRef = B0C34E6A1FC6F9D5001B388E /* Battle.storyboard */; };
		B0C34E6D1FC70AA6001B388E /* LegacyBattleResult.swift in Sources */ = {isa = PBXBuildFile; fileRef = B0C34E6C1FC70AA6001B388E /* LegacyBattleResult.swift */; };
		B0CE4EF11FC5BA0B00343937 /* BattleField.swift in Sources */ = {isa = PBXBuildFile; fileRef = B0CE4EF01FC5BA0B00343937 /* BattleField.swift */; };
		B0CE4EF51FC6935800343937 /* Fire.sks in Resources */ = {isa = PBXBuildFile; fileRef = B0CE4EF31FC6935800343937 /* Fire.sks */; };
		B0CE4EF61FC6935800343937 /* Assets.xcassets in Resources */ = {isa = PBXBuildFile; fileRef = B0CE4EF41FC6935800343937 /* Assets.xcassets */; };
		B0CE4F041FC6A21E00343937 /* BattleMenuTableViewController.swift in Sources */ = {isa = PBXBuildFile; fileRef = B0CE4F031FC6A21E00343937 /* BattleMenuTableViewController.swift */; };
		B0CE4F061FC6A36800343937 /* BattleMenuDataProvider.swift in Sources */ = {isa = PBXBuildFile; fileRef = B0CE4F051FC6A36800343937 /* BattleMenuDataProvider.swift */; };
		B0CE4F101FC6BD3700343937 /* Lightning.sks in Resources */ = {isa = PBXBuildFile; fileRef = B0CE4F0F1FC6BD3700343937 /* Lightning.sks */; };
		B0CE4F171FC6CEC000343937 /* ThunderShock.wav in Resources */ = {isa = PBXBuildFile; fileRef = B0CE4F161FC6CEC000343937 /* ThunderShock.wav */; };
		B0CE4F191FC6D0A900343937 /* FireBlast.wav in Resources */ = {isa = PBXBuildFile; fileRef = B0CE4F181FC6D0A900343937 /* FireBlast.wav */; };
		B0CE4F1B1FC6D18B00343937 /* BodySlam.wav in Resources */ = {isa = PBXBuildFile; fileRef = B0CE4F1A1FC6D18B00343937 /* BodySlam.wav */; };
		B0CE4F1D1FC6D28800343937 /* Battle.mp3 in Resources */ = {isa = PBXBuildFile; fileRef = B0CE4F1C1FC6D28800343937 /* Battle.mp3 */; };
		B0CE4F211FC6D9F300343937 /* TailWhip.wav in Resources */ = {isa = PBXBuildFile; fileRef = B0CE4F201FC6D9F300343937 /* TailWhip.wav */; };
		B0CE4F251FC6DC6A00343937 /* PoisonPowder.wav in Resources */ = {isa = PBXBuildFile; fileRef = B0CE4F241FC6DC6A00343937 /* PoisonPowder.wav */; };
		B0CE4F271FC6EC8E00343937 /* BattleMenuTableViewCell.swift in Sources */ = {isa = PBXBuildFile; fileRef = B0CE4F261FC6EC8E00343937 /* BattleMenuTableViewCell.swift */; };
		B0CE4F291FC6ECAB00343937 /* BattleMenuTableViewCell.xib in Resources */ = {isa = PBXBuildFile; fileRef = B0CE4F281FC6ECAB00343937 /* BattleMenuTableViewCell.xib */; };
		B0D47FD51FC554570056ABFC /* BattlePokemonDataProvider.swift in Sources */ = {isa = PBXBuildFile; fileRef = B0D47FD41FC554570056ABFC /* BattlePokemonDataProvider.swift */; };
		B0EF52E31FD3B30D0043014F /* PokemonSkillAnimator.swift in Sources */ = {isa = PBXBuildFile; fileRef = B0EF52E21FD3B30D0043014F /* PokemonSkillAnimator.swift */; };
		B0EF52E51FD3B31B0043014F /* PokemonSkillAnimatorContext.swift in Sources */ = {isa = PBXBuildFile; fileRef = B0EF52E41FD3B31B0043014F /* PokemonSkillAnimatorContext.swift */; };
		B0EF52ED1FD4132D0043014F /* BattlePokemon.swift in Sources */ = {isa = PBXBuildFile; fileRef = B0EF52EC1FD4132D0043014F /* BattlePokemon.swift */; };
		B0EF52EF1FD418A90043014F /* BattleFieldSceneDataProvider.swift in Sources */ = {isa = PBXBuildFile; fileRef = B0EF52EE1FD418A90043014F /* BattleFieldSceneDataProvider.swift */; };
		B0EF52F11FD41F1E0043014F /* LightningPokemonSkillAnimator.swift in Sources */ = {isa = PBXBuildFile; fileRef = B0EF52F01FD41F1E0043014F /* LightningPokemonSkillAnimator.swift */; };
		B0EF52F91FD44EFE0043014F /* Pikachu.plist in Resources */ = {isa = PBXBuildFile; fileRef = B0EF52F81FD44EFE0043014F /* Pikachu.plist */; };
		B0EF52FB1FD450CE0043014F /* Pikachu.swift in Sources */ = {isa = PBXBuildFile; fileRef = B0EF52FA1FD450CE0043014F /* Pikachu.swift */; };
		B0EF52FD1FD450D90043014F /* Pokemon.swift in Sources */ = {isa = PBXBuildFile; fileRef = B0EF52FC1FD450D90043014F /* Pokemon.swift */; };
		B0EF52FF1FD4510D0043014F /* PokemonGenerator.swift in Sources */ = {isa = PBXBuildFile; fileRef = B0EF52FE1FD4510D0043014F /* PokemonGenerator.swift */; };
		B0EF53011FD457990043014F /* PokemonConfig.swift in Sources */ = {isa = PBXBuildFile; fileRef = B0EF53001FD457990043014F /* PokemonConfig.swift */; };
		B0EF53031FD45F2A0043014F /* Pokemon+BattlePokemon.swift in Sources */ = {isa = PBXBuildFile; fileRef = B0EF53021FD45F2A0043014F /* Pokemon+BattlePokemon.swift */; };
		B0EF53061FD47C100043014F /* Charmander.swift in Sources */ = {isa = PBXBuildFile; fileRef = B0EF53051FD47C100043014F /* Charmander.swift */; };
		B0EF53081FD47C1F0043014F /* Charmander.plist in Resources */ = {isa = PBXBuildFile; fileRef = B0EF53071FD47C1F0043014F /* Charmander.plist */; };
/* End PBXBuildFile section */

/* Begin PBXContainerItemProxy section */
		B064E6951FC458BB005476BA /* PBXContainerItemProxy */ = {
			isa = PBXContainerItemProxy;
			containerPortal = B041FA631FC2ABB000421C05 /* Project object */;
			proxyType = 1;
			remoteGlobalIDString = B041FA6A1FC2ABB000421C05;
			remoteInfo = PokemonBattle;
		};
/* End PBXContainerItemProxy section */

/* Begin PBXFileReference section */
		B0124D9E1FC2E0EA00A3A58C /* BattleFieldScene.swift */ = {isa = PBXFileReference; lastKnownFileType = sourcecode.swift; path = BattleFieldScene.swift; sourceTree = "<group>"; };
		B041FA6B1FC2ABB000421C05 /* PokemonBattle.app */ = {isa = PBXFileReference; explicitFileType = wrapper.application; includeInIndex = 0; path = PokemonBattle.app; sourceTree = BUILT_PRODUCTS_DIR; };
		B041FA6E1FC2ABB000421C05 /* AppDelegate.swift */ = {isa = PBXFileReference; lastKnownFileType = sourcecode.swift; path = AppDelegate.swift; sourceTree = "<group>"; };
		B041FA7B1FC2ABB000421C05 /* Assets.xcassets */ = {isa = PBXFileReference; lastKnownFileType = folder.assetcatalog; path = Assets.xcassets; sourceTree = "<group>"; };
		B041FA7E1FC2ABB000421C05 /* Base */ = {isa = PBXFileReference; lastKnownFileType = file.storyboard; name = Base; path = Base.lproj/LaunchScreen.storyboard; sourceTree = "<group>"; };
		B041FA801FC2ABB000421C05 /* Info.plist */ = {isa = PBXFileReference; lastKnownFileType = text.plist.xml; path = Info.plist; sourceTree = "<group>"; };
		B041FA901FC2C03D00421C05 /* BattleStartScene.sks */ = {isa = PBXFileReference; lastKnownFileType = file.sks; path = BattleStartScene.sks; sourceTree = "<group>"; };
		B041FA921FC2C04600421C05 /* BattleStartScene.swift */ = {isa = PBXFileReference; lastKnownFileType = sourcecode.swift; path = BattleStartScene.swift; sourceTree = "<group>"; };
		B04272A71FD27CCA00ED3D74 /* PokemonBattleViewController.swift */ = {isa = PBXFileReference; lastKnownFileType = sourcecode.swift; path = PokemonBattleViewController.swift; sourceTree = "<group>"; };
		B04272A91FD29BEC00ED3D74 /* Realm.framework */ = {isa = PBXFileReference; lastKnownFileType = wrapper.framework; name = Realm.framework; path = Carthage/Build/iOS/Realm.framework; sourceTree = "<group>"; };
		B04272AA1FD29BEC00ED3D74 /* RealmSwift.framework */ = {isa = PBXFileReference; lastKnownFileType = wrapper.framework; name = RealmSwift.framework; path = Carthage/Build/iOS/RealmSwift.framework; sourceTree = "<group>"; };
		B04272AE1FD29C6900ED3D74 /* RealmServerDataProvider.swift */ = {isa = PBXFileReference; lastKnownFileType = sourcecode.swift; path = RealmServerDataProvider.swift; sourceTree = "<group>"; };
		B04272B01FD29D9B00ED3D74 /* BattlePlayerRealmObject.swift */ = {isa = PBXFileReference; fileEncoding = 4; lastKnownFileType = sourcecode.swift; path = BattlePlayerRealmObject.swift; sourceTree = "<group>"; };
		B04272B11FD29D9B00ED3D74 /* BattleTurnRealmObject.swift */ = {isa = PBXFileReference; fileEncoding = 4; lastKnownFileType = sourcecode.swift; path = BattleTurnRealmObject.swift; sourceTree = "<group>"; };
		B04272B21FD29D9C00ED3D74 /* BattleRecordRealmObject.swift */ = {isa = PBXFileReference; fileEncoding = 4; lastKnownFileType = sourcecode.swift; path = BattleRecordRealmObject.swift; sourceTree = "<group>"; };
		B063D7D51FD2A01300C88D6E /* PokemonBattlePlayer.swift */ = {isa = PBXFileReference; lastKnownFileType = sourcecode.swift; path = PokemonBattlePlayer.swift; sourceTree = "<group>"; };
		B063D7D71FD2A12D00C88D6E /* PokemonBattleTurn.swift */ = {isa = PBXFileReference; lastKnownFileType = sourcecode.swift; path = PokemonBattleTurn.swift; sourceTree = "<group>"; };
		B063D7D91FD2A23600C88D6E /* PokemonBattleRecord.swift */ = {isa = PBXFileReference; lastKnownFileType = sourcecode.swift; path = PokemonBattleRecord.swift; sourceTree = "<group>"; };
		B064E6901FC458BB005476BA /* PokemonBattleTests.xctest */ = {isa = PBXFileReference; explicitFileType = wrapper.cfbundle; includeInIndex = 0; path = PokemonBattleTests.xctest; sourceTree = BUILT_PRODUCTS_DIR; };
		B064E6941FC458BB005476BA /* Info.plist */ = {isa = PBXFileReference; lastKnownFileType = text.plist.xml; path = Info.plist; sourceTree = "<group>"; };
		B0A676521FD1363600278CBE /* TinyBattleKit.framework */ = {isa = PBXFileReference; explicitFileType = wrapper.framework; path = TinyBattleKit.framework; sourceTree = BUILT_PRODUCTS_DIR; };
		B0A676531FD1378200278CBE /* PokemonBattleSystem.swift */ = {isa = PBXFileReference; lastKnownFileType = sourcecode.swift; path = PokemonBattleSystem.swift; sourceTree = "<group>"; };
		B0A676551FD1389000278CBE /* PokemonBattleContext.swift */ = {isa = PBXFileReference; lastKnownFileType = sourcecode.swift; path = PokemonBattleContext.swift; sourceTree = "<group>"; };
		B0A676601FD13DB100278CBE /* LightningPokemonSkillProvider.swift */ = {isa = PBXFileReference; lastKnownFileType = sourcecode.swift; path = LightningPokemonSkillProvider.swift; sourceTree = "<group>"; };
		B0A676671FD1597800278CBE /* PokemonBattleContextError.swift */ = {isa = PBXFileReference; lastKnownFileType = sourcecode.swift; path = PokemonBattleContextError.swift; sourceTree = "<group>"; };
		B0C34E621FC6F39A001B388E /* Pokemon GB.ttf */ = {isa = PBXFileReference; lastKnownFileType = file; path = "Pokemon GB.ttf"; sourceTree = "<group>"; };
		B0C34E681FC6F9A6001B388E /* BattleResultViewController.swift */ = {isa = PBXFileReference; lastKnownFileType = sourcecode.swift; path = BattleResultViewController.swift; sourceTree = "<group>"; };
		B0C34E6A1FC6F9D5001B388E /* Battle.storyboard */ = {isa = PBXFileReference; lastKnownFileType = file.storyboard; path = Battle.storyboard; sourceTree = "<group>"; };
		B0C34E6C1FC70AA6001B388E /* LegacyBattleResult.swift */ = {isa = PBXFileReference; lastKnownFileType = sourcecode.swift; path = LegacyBattleResult.swift; sourceTree = "<group>"; };
		B0CE4EF01FC5BA0B00343937 /* BattleField.swift */ = {isa = PBXFileReference; lastKnownFileType = sourcecode.swift; path = BattleField.swift; sourceTree = "<group>"; };
		B0CE4EF31FC6935800343937 /* Fire.sks */ = {isa = PBXFileReference; lastKnownFileType = file.sks; path = Fire.sks; sourceTree = "<group>"; };
		B0CE4EF41FC6935800343937 /* Assets.xcassets */ = {isa = PBXFileReference; lastKnownFileType = folder.assetcatalog; path = Assets.xcassets; sourceTree = "<group>"; };
		B0CE4F031FC6A21E00343937 /* BattleMenuTableViewController.swift */ = {isa = PBXFileReference; lastKnownFileType = sourcecode.swift; path = BattleMenuTableViewController.swift; sourceTree = "<group>"; };
		B0CE4F051FC6A36800343937 /* BattleMenuDataProvider.swift */ = {isa = PBXFileReference; lastKnownFileType = sourcecode.swift; path = BattleMenuDataProvider.swift; sourceTree = "<group>"; };
		B0CE4F0F1FC6BD3700343937 /* Lightning.sks */ = {isa = PBXFileReference; lastKnownFileType = file.sks; path = Lightning.sks; sourceTree = "<group>"; };
		B0CE4F161FC6CEC000343937 /* ThunderShock.wav */ = {isa = PBXFileReference; lastKnownFileType = audio.wav; path = ThunderShock.wav; sourceTree = "<group>"; };
		B0CE4F181FC6D0A900343937 /* FireBlast.wav */ = {isa = PBXFileReference; lastKnownFileType = audio.wav; path = FireBlast.wav; sourceTree = "<group>"; };
		B0CE4F1A1FC6D18B00343937 /* BodySlam.wav */ = {isa = PBXFileReference; lastKnownFileType = audio.wav; path = BodySlam.wav; sourceTree = "<group>"; };
		B0CE4F1C1FC6D28800343937 /* Battle.mp3 */ = {isa = PBXFileReference; lastKnownFileType = audio.mp3; path = Battle.mp3; sourceTree = "<group>"; };
		B0CE4F201FC6D9F300343937 /* TailWhip.wav */ = {isa = PBXFileReference; lastKnownFileType = audio.wav; path = TailWhip.wav; sourceTree = "<group>"; };
		B0CE4F241FC6DC6A00343937 /* PoisonPowder.wav */ = {isa = PBXFileReference; lastKnownFileType = audio.wav; path = PoisonPowder.wav; sourceTree = "<group>"; };
		B0CE4F261FC6EC8E00343937 /* BattleMenuTableViewCell.swift */ = {isa = PBXFileReference; lastKnownFileType = sourcecode.swift; path = BattleMenuTableViewCell.swift; sourceTree = "<group>"; };
		B0CE4F281FC6ECAB00343937 /* BattleMenuTableViewCell.xib */ = {isa = PBXFileReference; lastKnownFileType = file.xib; path = BattleMenuTableViewCell.xib; sourceTree = "<group>"; };
		B0D47FD41FC554570056ABFC /* BattlePokemonDataProvider.swift */ = {isa = PBXFileReference; lastKnownFileType = sourcecode.swift; path = BattlePokemonDataProvider.swift; sourceTree = "<group>"; };
		B0EF52E21FD3B30D0043014F /* PokemonSkillAnimator.swift */ = {isa = PBXFileReference; lastKnownFileType = sourcecode.swift; path = PokemonSkillAnimator.swift; sourceTree = "<group>"; };
		B0EF52E41FD3B31B0043014F /* PokemonSkillAnimatorContext.swift */ = {isa = PBXFileReference; lastKnownFileType = sourcecode.swift; path = PokemonSkillAnimatorContext.swift; sourceTree = "<group>"; };
		B0EF52EC1FD4132D0043014F /* BattlePokemon.swift */ = {isa = PBXFileReference; fileEncoding = 4; lastKnownFileType = sourcecode.swift; path = BattlePokemon.swift; sourceTree = "<group>"; };
		B0EF52EE1FD418A90043014F /* BattleFieldSceneDataProvider.swift */ = {isa = PBXFileReference; lastKnownFileType = sourcecode.swift; path = BattleFieldSceneDataProvider.swift; sourceTree = "<group>"; };
		B0EF52F01FD41F1E0043014F /* LightningPokemonSkillAnimator.swift */ = {isa = PBXFileReference; fileEncoding = 4; lastKnownFileType = sourcecode.swift; path = LightningPokemonSkillAnimator.swift; sourceTree = "<group>"; };
		B0EF52F81FD44EFE0043014F /* Pikachu.plist */ = {isa = PBXFileReference; lastKnownFileType = text.plist.xml; path = Pikachu.plist; sourceTree = "<group>"; };
		B0EF52FA1FD450CE0043014F /* Pikachu.swift */ = {isa = PBXFileReference; lastKnownFileType = sourcecode.swift; path = Pikachu.swift; sourceTree = "<group>"; };
		B0EF52FC1FD450D90043014F /* Pokemon.swift */ = {isa = PBXFileReference; lastKnownFileType = sourcecode.swift; path = Pokemon.swift; sourceTree = "<group>"; };
		B0EF52FE1FD4510D0043014F /* PokemonGenerator.swift */ = {isa = PBXFileReference; lastKnownFileType = sourcecode.swift; path = PokemonGenerator.swift; sourceTree = "<group>"; };
		B0EF53001FD457990043014F /* PokemonConfig.swift */ = {isa = PBXFileReference; lastKnownFileType = sourcecode.swift; path = PokemonConfig.swift; sourceTree = "<group>"; };
		B0EF53021FD45F2A0043014F /* Pokemon+BattlePokemon.swift */ = {isa = PBXFileReference; lastKnownFileType = sourcecode.swift; path = "Pokemon+BattlePokemon.swift"; sourceTree = "<group>"; };
		B0EF53051FD47C100043014F /* Charmander.swift */ = {isa = PBXFileReference; lastKnownFileType = sourcecode.swift; path = Charmander.swift; sourceTree = "<group>"; };
		B0EF53071FD47C1F0043014F /* Charmander.plist */ = {isa = PBXFileReference; lastKnownFileType = text.plist.xml; path = Charmander.plist; sourceTree = "<group>"; };
/* End PBXFileReference section */

/* Begin PBXFrameworksBuildPhase section */
		B041FA681FC2ABB000421C05 /* Frameworks */ = {
			isa = PBXFrameworksBuildPhase;
			buildActionMask = 2147483647;
			files = (
				B0A676511FD1363600278CBE /* TinyBattleKit.framework in Frameworks */,
				B04272AB1FD29BEC00ED3D74 /* Realm.framework in Frameworks */,
				B04272AC1FD29BEC00ED3D74 /* RealmSwift.framework in Frameworks */,
			);
			runOnlyForDeploymentPostprocessing = 0;
		};
		B064E68D1FC458BB005476BA /* Frameworks */ = {
			isa = PBXFrameworksBuildPhase;
			buildActionMask = 2147483647;
			files = (
			);
			runOnlyForDeploymentPostprocessing = 0;
		};
/* End PBXFrameworksBuildPhase section */

/* Begin PBXGroup section */
		B041FA621FC2ABB000421C05 = {
			isa = PBXGroup;
			children = (
				B041FA6D1FC2ABB000421C05 /* PokemonBattle */,
				B064E6911FC458BB005476BA /* PokemonBattleTests */,
				B041FA6C1FC2ABB000421C05 /* Products */,
				B0A676501FD1363600278CBE /* Frameworks */,
			);
			sourceTree = "<group>";
		};
		B041FA6C1FC2ABB000421C05 /* Products */ = {
			isa = PBXGroup;
			children = (
				B041FA6B1FC2ABB000421C05 /* PokemonBattle.app */,
				B064E6901FC458BB005476BA /* PokemonBattleTests.xctest */,
			);
			name = Products;
			sourceTree = "<group>";
		};
		B041FA6D1FC2ABB000421C05 /* PokemonBattle */ = {
			isa = PBXGroup;
			children = (
				B0C34E611FC6F393001B388E /* Fonts */,
				B0CE4F151FC6CEB400343937 /* Sounds */,
				B0CE4EF21FC6931900343937 /* Effects */,
				B041FA861FC2AC9B00421C05 /* Battle */,
				B041FA6E1FC2ABB000421C05 /* AppDelegate.swift */,
				B0EF52EC1FD4132D0043014F /* BattlePokemon.swift */,
				B0A676601FD13DB100278CBE /* LightningPokemonSkillProvider.swift */,
				B0EF52F01FD41F1E0043014F /* LightningPokemonSkillAnimator.swift */,
				B0D47FD41FC554570056ABFC /* BattlePokemonDataProvider.swift */,
				B04272A71FD27CCA00ED3D74 /* PokemonBattleViewController.swift */,
				B04272AE1FD29C6900ED3D74 /* RealmServerDataProvider.swift */,
				B04272B01FD29D9B00ED3D74 /* BattlePlayerRealmObject.swift */,
				B04272B21FD29D9C00ED3D74 /* BattleRecordRealmObject.swift */,
				B04272B11FD29D9B00ED3D74 /* BattleTurnRealmObject.swift */,
				B0EF52FC1FD450D90043014F /* Pokemon.swift */,
				B0EF53021FD45F2A0043014F /* Pokemon+BattlePokemon.swift */,
				B0EF53001FD457990043014F /* PokemonConfig.swift */,
				B0EF52FE1FD4510D0043014F /* PokemonGenerator.swift */,
				B0EF53041FD47BFD0043014F /* Charmander */,
				B0EF52F71FD44EE70043014F /* Pikachu */,
				B041FA7B1FC2ABB000421C05 /* Assets.xcassets */,
				B041FA7D1FC2ABB000421C05 /* LaunchScreen.storyboard */,
				B041FA801FC2ABB000421C05 /* Info.plist */,
			);
			path = PokemonBattle;
			sourceTree = "<group>";
		};
		B041FA861FC2AC9B00421C05 /* Battle */ = {
			isa = PBXGroup;
			children = (
				B0CE4F021FC6A20E00343937 /* Menu */,
				B0C34E651FC6F913001B388E /* Result */,
				B0CE4F091FC6B9BF00343937 /* Field */,
				B0CE4F081FC6B9B500343937 /* Start */,
				B0A676531FD1378200278CBE /* PokemonBattleSystem.swift */,
				B0A676671FD1597800278CBE /* PokemonBattleContextError.swift */,
				B0A676551FD1389000278CBE /* PokemonBattleContext.swift */,
				B0EF52E41FD3B31B0043014F /* PokemonSkillAnimatorContext.swift */,
				B0EF52E21FD3B30D0043014F /* PokemonSkillAnimator.swift */,
				B063D7D51FD2A01300C88D6E /* PokemonBattlePlayer.swift */,
				B063D7D71FD2A12D00C88D6E /* PokemonBattleTurn.swift */,
				B063D7D91FD2A23600C88D6E /* PokemonBattleRecord.swift */,
			);
			path = Battle;
			sourceTree = "<group>";
		};
		B064E6911FC458BB005476BA /* PokemonBattleTests */ = {
			isa = PBXGroup;
			children = (
				B064E6941FC458BB005476BA /* Info.plist */,
			);
			path = PokemonBattleTests;
			sourceTree = "<group>";
		};
		B0A676501FD1363600278CBE /* Frameworks */ = {
			isa = PBXGroup;
			children = (
				B04272A91FD29BEC00ED3D74 /* Realm.framework */,
				B04272AA1FD29BEC00ED3D74 /* RealmSwift.framework */,
				B0A676521FD1363600278CBE /* TinyBattleKit.framework */,
			);
			name = Frameworks;
			sourceTree = "<group>";
		};
		B0C34E611FC6F393001B388E /* Fonts */ = {
			isa = PBXGroup;
			children = (
				B0C34E621FC6F39A001B388E /* Pokemon GB.ttf */,
			);
			path = Fonts;
			sourceTree = "<group>";
		};
		B0C34E651FC6F913001B388E /* Result */ = {
			isa = PBXGroup;
			children = (
				B0C34E6C1FC70AA6001B388E /* LegacyBattleResult.swift */,
				B0C34E681FC6F9A6001B388E /* BattleResultViewController.swift */,
				B0C34E6A1FC6F9D5001B388E /* Battle.storyboard */,
			);
			path = Result;
			sourceTree = "<group>";
		};
		B0CE4EF21FC6931900343937 /* Effects */ = {
			isa = PBXGroup;
			children = (
				B0CE4EF41FC6935800343937 /* Assets.xcassets */,
				B0CE4EF31FC6935800343937 /* Fire.sks */,
				B0CE4F0F1FC6BD3700343937 /* Lightning.sks */,
			);
			path = Effects;
			sourceTree = "<group>";
		};
		B0CE4F021FC6A20E00343937 /* Menu */ = {
			isa = PBXGroup;
			children = (
				B0CE4F261FC6EC8E00343937 /* BattleMenuTableViewCell.swift */,
				B0CE4F281FC6ECAB00343937 /* BattleMenuTableViewCell.xib */,
				B0CE4F031FC6A21E00343937 /* BattleMenuTableViewController.swift */,
				B0CE4F051FC6A36800343937 /* BattleMenuDataProvider.swift */,
			);
			path = Menu;
			sourceTree = "<group>";
		};
		B0CE4F081FC6B9B500343937 /* Start */ = {
			isa = PBXGroup;
			children = (
				B041FA901FC2C03D00421C05 /* BattleStartScene.sks */,
				B041FA921FC2C04600421C05 /* BattleStartScene.swift */,
			);
			path = Start;
			sourceTree = "<group>";
		};
		B0CE4F091FC6B9BF00343937 /* Field */ = {
			isa = PBXGroup;
			children = (
				B0CE4EF01FC5BA0B00343937 /* BattleField.swift */,
				B0124D9E1FC2E0EA00A3A58C /* BattleFieldScene.swift */,
				B0EF52EE1FD418A90043014F /* BattleFieldSceneDataProvider.swift */,
			);
			path = Field;
			sourceTree = "<group>";
		};
		B0CE4F151FC6CEB400343937 /* Sounds */ = {
			isa = PBXGroup;
			children = (
				B0CE4F1C1FC6D28800343937 /* Battle.mp3 */,
				B0CE4F1A1FC6D18B00343937 /* BodySlam.wav */,
				B0CE4F161FC6CEC000343937 /* ThunderShock.wav */,
				B0CE4F181FC6D0A900343937 /* FireBlast.wav */,
				B0CE4F201FC6D9F300343937 /* TailWhip.wav */,
				B0CE4F241FC6DC6A00343937 /* PoisonPowder.wav */,
			);
			path = Sounds;
			sourceTree = "<group>";
		};
		B0EF52F71FD44EE70043014F /* Pikachu */ = {
			isa = PBXGroup;
			children = (
				B0EF52F81FD44EFE0043014F /* Pikachu.plist */,
				B0EF52FA1FD450CE0043014F /* Pikachu.swift */,
			);
			path = Pikachu;
			sourceTree = "<group>";
		};
		B0EF53041FD47BFD0043014F /* Charmander */ = {
			isa = PBXGroup;
			children = (
				B0EF53071FD47C1F0043014F /* Charmander.plist */,
				B0EF53051FD47C100043014F /* Charmander.swift */,
			);
			path = Charmander;
			sourceTree = "<group>";
		};
/* End PBXGroup section */

/* Begin PBXNativeTarget section */
		B041FA6A1FC2ABB000421C05 /* PokemonBattle */ = {
			isa = PBXNativeTarget;
			buildConfigurationList = B041FA831FC2ABB000421C05 /* Build configuration list for PBXNativeTarget "PokemonBattle" */;
			buildPhases = (
				B041FA671FC2ABB000421C05 /* Sources */,
				B041FA681FC2ABB000421C05 /* Frameworks */,
				B041FA691FC2ABB000421C05 /* Resources */,
				B04272AD1FD29BF300ED3D74 /* Carthage */,
			);
			buildRules = (
			);
			dependencies = (
			);
			name = PokemonBattle;
			productName = PokemonBattle;
			productReference = B041FA6B1FC2ABB000421C05 /* PokemonBattle.app */;
			productType = "com.apple.product-type.application";
		};
		B064E68F1FC458BB005476BA /* PokemonBattleTests */ = {
			isa = PBXNativeTarget;
			buildConfigurationList = B064E6971FC458BB005476BA /* Build configuration list for PBXNativeTarget "PokemonBattleTests" */;
			buildPhases = (
				B064E68C1FC458BB005476BA /* Sources */,
				B064E68D1FC458BB005476BA /* Frameworks */,
				B064E68E1FC458BB005476BA /* Resources */,
			);
			buildRules = (
			);
			dependencies = (
				B064E6961FC458BB005476BA /* PBXTargetDependency */,
			);
			name = PokemonBattleTests;
			productName = PokemonBattleTests;
			productReference = B064E6901FC458BB005476BA /* PokemonBattleTests.xctest */;
			productType = "com.apple.product-type.bundle.unit-test";
		};
/* End PBXNativeTarget section */

/* Begin PBXProject section */
		B041FA631FC2ABB000421C05 /* Project object */ = {
			isa = PBXProject;
			attributes = {
				LastSwiftUpdateCheck = 0910;
				LastUpgradeCheck = 0910;
				ORGANIZATIONNAME = TinyWorld;
				TargetAttributes = {
					B041FA6A1FC2ABB000421C05 = {
						CreatedOnToolsVersion = 9.1;
						ProvisioningStyle = Automatic;
					};
					B064E68F1FC458BB005476BA = {
						CreatedOnToolsVersion = 9.1;
						LastSwiftMigration = 0910;
						ProvisioningStyle = Automatic;
						TestTargetID = B041FA6A1FC2ABB000421C05;
					};
				};
			};
			buildConfigurationList = B041FA661FC2ABB000421C05 /* Build configuration list for PBXProject "PokemonBattle" */;
			compatibilityVersion = "Xcode 8.0";
			developmentRegion = en;
			hasScannedForEncodings = 0;
			knownRegions = (
				en,
				Base,
			);
			mainGroup = B041FA621FC2ABB000421C05;
			productRefGroup = B041FA6C1FC2ABB000421C05 /* Products */;
			projectDirPath = "";
			projectRoot = "";
			targets = (
				B041FA6A1FC2ABB000421C05 /* PokemonBattle */,
				B064E68F1FC458BB005476BA /* PokemonBattleTests */,
			);
		};
/* End PBXProject section */

/* Begin PBXResourcesBuildPhase section */
		B041FA691FC2ABB000421C05 /* Resources */ = {
			isa = PBXResourcesBuildPhase;
			buildActionMask = 2147483647;
			files = (
				B041FA7C1FC2ABB000421C05 /* Assets.xcassets in Resources */,
				B0CE4F251FC6DC6A00343937 /* PoisonPowder.wav in Resources */,
				B0CE4F101FC6BD3700343937 /* Lightning.sks in Resources */,
				B0CE4EF51FC6935800343937 /* Fire.sks in Resources */,
				B041FA7F1FC2ABB000421C05 /* LaunchScreen.storyboard in Resources */,
				B0CE4F211FC6D9F300343937 /* TailWhip.wav in Resources */,
				B0CE4F291FC6ECAB00343937 /* BattleMenuTableViewCell.xib in Resources */,
				B0CE4F171FC6CEC000343937 /* ThunderShock.wav in Resources */,
				B0CE4F1D1FC6D28800343937 /* Battle.mp3 in Resources */,
				B0C34E6B1FC6F9D5001B388E /* Battle.storyboard in Resources */,
				B0CE4F191FC6D0A900343937 /* FireBlast.wav in Resources */,
				B0CE4F1B1FC6D18B00343937 /* BodySlam.wav in Resources */,
				B0EF52F91FD44EFE0043014F /* Pikachu.plist in Resources */,
				B041FA911FC2C03D00421C05 /* BattleStartScene.sks in Resources */,
				B0EF53081FD47C1F0043014F /* Charmander.plist in Resources */,
				B0C34E641FC6F47D001B388E /* Pokemon GB.ttf in Resources */,
				B0CE4EF61FC6935800343937 /* Assets.xcassets in Resources */,
			);
			runOnlyForDeploymentPostprocessing = 0;
		};
		B064E68E1FC458BB005476BA /* Resources */ = {
			isa = PBXResourcesBuildPhase;
			buildActionMask = 2147483647;
			files = (
			);
			runOnlyForDeploymentPostprocessing = 0;
		};
/* End PBXResourcesBuildPhase section */

/* Begin PBXShellScriptBuildPhase section */
		B04272AD1FD29BF300ED3D74 /* Carthage */ = {
			isa = PBXShellScriptBuildPhase;
			buildActionMask = 2147483647;
			files = (
			);
			inputPaths = (
				"$(SRCROOT)/Carthage/Build/iOS/Realm.framework",
				"$(SRCROOT)/Carthage/Build/iOS/RealmSwift.framework",
			);
			name = Carthage;
			outputPaths = (
				"$(BUILT_PRODUCTS_DIR)/$(FRAMEWORKS_FOLDER_PATH)/Realm.framework",
				"$(BUILT_PRODUCTS_DIR)/$(FRAMEWORKS_FOLDER_PATH)/RealmSwift.framework",
			);
			runOnlyForDeploymentPostprocessing = 0;
			shellPath = /bin/sh;
			shellScript = "/usr/local/bin/carthage copy-frameworks";
		};
/* End PBXShellScriptBuildPhase section */

/* Begin PBXSourcesBuildPhase section */
		B041FA671FC2ABB000421C05 /* Sources */ = {
			isa = PBXSourcesBuildPhase;
			buildActionMask = 2147483647;
			files = (
				B063D7D61FD2A01300C88D6E /* PokemonBattlePlayer.swift in Sources */,
				B0CE4EF11FC5BA0B00343937 /* BattleField.swift in Sources */,
				B0EF52F11FD41F1E0043014F /* LightningPokemonSkillAnimator.swift in Sources */,
				B0EF52ED1FD4132D0043014F /* BattlePokemon.swift in Sources */,
				B04272B51FD29D9C00ED3D74 /* BattleRecordRealmObject.swift in Sources */,
				B0EF52FF1FD4510D0043014F /* PokemonGenerator.swift in Sources */,
				B0D47FD51FC554570056ABFC /* BattlePokemonDataProvider.swift in Sources */,
				B041FA931FC2C04600421C05 /* BattleStartScene.swift in Sources */,
				B0EF52E31FD3B30D0043014F /* PokemonSkillAnimator.swift in Sources */,
				B0A676611FD13DB100278CBE /* LightningPokemonSkillProvider.swift in Sources */,
				B0124D9F1FC2E0EA00A3A58C /* BattleFieldScene.swift in Sources */,
				B0EF53011FD457990043014F /* PokemonConfig.swift in Sources */,
				B0A676541FD1378200278CBE /* PokemonBattleSystem.swift in Sources */,
				B063D7DA1FD2A23600C88D6E /* PokemonBattleRecord.swift in Sources */,
				B0CE4F041FC6A21E00343937 /* BattleMenuTableViewController.swift in Sources */,
				B0EF53031FD45F2A0043014F /* Pokemon+BattlePokemon.swift in Sources */,
				B0C34E691FC6F9A6001B388E /* BattleResultViewController.swift in Sources */,
				B04272B41FD29D9C00ED3D74 /* BattleTurnRealmObject.swift in Sources */,
				B0EF52E51FD3B31B0043014F /* PokemonSkillAnimatorContext.swift in Sources */,
				B0C34E6D1FC70AA6001B388E /* LegacyBattleResult.swift in Sources */,
				B04272B31FD29D9C00ED3D74 /* BattlePlayerRealmObject.swift in Sources */,
				B04272AF1FD29C6900ED3D74 /* RealmServerDataProvider.swift in Sources */,
				B0A676681FD1597800278CBE /* PokemonBattleContextError.swift in Sources */,
				B041FA6F1FC2ABB000421C05 /* AppDelegate.swift in Sources */,
				B0EF52FB1FD450CE0043014F /* Pikachu.swift in Sources */,
				B04272A81FD27CCA00ED3D74 /* PokemonBattleViewController.swift in Sources */,
				B0EF52FD1FD450D90043014F /* Pokemon.swift in Sources */,
				B0A676561FD1389000278CBE /* PokemonBattleContext.swift in Sources */,
				B0EF52EF1FD418A90043014F /* BattleFieldSceneDataProvider.swift in Sources */,
				B063D7D81FD2A12D00C88D6E /* PokemonBattleTurn.swift in Sources */,
				B0CE4F271FC6EC8E00343937 /* BattleMenuTableViewCell.swift in Sources */,
				B0CE4F061FC6A36800343937 /* BattleMenuDataProvider.swift in Sources */,
				B0EF53061FD47C100043014F /* Charmander.swift in Sources */,
			);
			runOnlyForDeploymentPostprocessing = 0;
		};
		B064E68C1FC458BB005476BA /* Sources */ = {
			isa = PBXSourcesBuildPhase;
			buildActionMask = 2147483647;
			files = (
			);
			runOnlyForDeploymentPostprocessing = 0;
		};
/* End PBXSourcesBuildPhase section */

/* Begin PBXTargetDependency section */
		B064E6961FC458BB005476BA /* PBXTargetDependency */ = {
			isa = PBXTargetDependency;
			target = B041FA6A1FC2ABB000421C05 /* PokemonBattle */;
			targetProxy = B064E6951FC458BB005476BA /* PBXContainerItemProxy */;
		};
/* End PBXTargetDependency section */

/* Begin PBXVariantGroup section */
		B041FA7D1FC2ABB000421C05 /* LaunchScreen.storyboard */ = {
			isa = PBXVariantGroup;
			children = (
				B041FA7E1FC2ABB000421C05 /* Base */,
			);
			name = LaunchScreen.storyboard;
			sourceTree = "<group>";
		};
/* End PBXVariantGroup section */

/* Begin XCBuildConfiguration section */
		B041FA811FC2ABB000421C05 /* Debug */ = {
			isa = XCBuildConfiguration;
			buildSettings = {
				ALWAYS_SEARCH_USER_PATHS = NO;
				CLANG_ANALYZER_NONNULL = YES;
				CLANG_ANALYZER_NUMBER_OBJECT_CONVERSION = YES_AGGRESSIVE;
				CLANG_CXX_LANGUAGE_STANDARD = "gnu++14";
				CLANG_CXX_LIBRARY = "libc++";
				CLANG_ENABLE_MODULES = YES;
				CLANG_ENABLE_OBJC_ARC = YES;
				CLANG_WARN_BLOCK_CAPTURE_AUTORELEASING = YES;
				CLANG_WARN_BOOL_CONVERSION = YES;
				CLANG_WARN_COMMA = YES;
				CLANG_WARN_CONSTANT_CONVERSION = YES;
				CLANG_WARN_DIRECT_OBJC_ISA_USAGE = YES_ERROR;
				CLANG_WARN_DOCUMENTATION_COMMENTS = YES;
				CLANG_WARN_EMPTY_BODY = YES;
				CLANG_WARN_ENUM_CONVERSION = YES;
				CLANG_WARN_INFINITE_RECURSION = YES;
				CLANG_WARN_INT_CONVERSION = YES;
				CLANG_WARN_NON_LITERAL_NULL_CONVERSION = YES;
				CLANG_WARN_OBJC_LITERAL_CONVERSION = YES;
				CLANG_WARN_OBJC_ROOT_CLASS = YES_ERROR;
				CLANG_WARN_RANGE_LOOP_ANALYSIS = YES;
				CLANG_WARN_STRICT_PROTOTYPES = YES;
				CLANG_WARN_SUSPICIOUS_MOVE = YES;
				CLANG_WARN_UNGUARDED_AVAILABILITY = YES_AGGRESSIVE;
				CLANG_WARN_UNREACHABLE_CODE = YES;
				CLANG_WARN__DUPLICATE_METHOD_MATCH = YES;
				CODE_SIGN_IDENTITY = "iPhone Developer";
				COPY_PHASE_STRIP = NO;
				DEBUG_INFORMATION_FORMAT = dwarf;
				ENABLE_STRICT_OBJC_MSGSEND = YES;
				ENABLE_TESTABILITY = YES;
				GCC_C_LANGUAGE_STANDARD = gnu11;
				GCC_DYNAMIC_NO_PIC = NO;
				GCC_NO_COMMON_BLOCKS = YES;
				GCC_OPTIMIZATION_LEVEL = 0;
				GCC_PREPROCESSOR_DEFINITIONS = (
					"DEBUG=1",
					"$(inherited)",
				);
				GCC_WARN_64_TO_32_BIT_CONVERSION = YES;
				GCC_WARN_ABOUT_RETURN_TYPE = YES_ERROR;
				GCC_WARN_UNDECLARED_SELECTOR = YES;
				GCC_WARN_UNINITIALIZED_AUTOS = YES_AGGRESSIVE;
				GCC_WARN_UNUSED_FUNCTION = YES;
				GCC_WARN_UNUSED_VARIABLE = YES;
				IPHONEOS_DEPLOYMENT_TARGET = 11.0;
				MTL_ENABLE_DEBUG_INFO = YES;
				ONLY_ACTIVE_ARCH = YES;
				SDKROOT = iphoneos;
				SWIFT_ACTIVE_COMPILATION_CONDITIONS = DEBUG;
				SWIFT_OPTIMIZATION_LEVEL = "-Onone";
			};
			name = Debug;
		};
		B041FA821FC2ABB000421C05 /* Release */ = {
			isa = XCBuildConfiguration;
			buildSettings = {
				ALWAYS_SEARCH_USER_PATHS = NO;
				CLANG_ANALYZER_NONNULL = YES;
				CLANG_ANALYZER_NUMBER_OBJECT_CONVERSION = YES_AGGRESSIVE;
				CLANG_CXX_LANGUAGE_STANDARD = "gnu++14";
				CLANG_CXX_LIBRARY = "libc++";
				CLANG_ENABLE_MODULES = YES;
				CLANG_ENABLE_OBJC_ARC = YES;
				CLANG_WARN_BLOCK_CAPTURE_AUTORELEASING = YES;
				CLANG_WARN_BOOL_CONVERSION = YES;
				CLANG_WARN_COMMA = YES;
				CLANG_WARN_CONSTANT_CONVERSION = YES;
				CLANG_WARN_DIRECT_OBJC_ISA_USAGE = YES_ERROR;
				CLANG_WARN_DOCUMENTATION_COMMENTS = YES;
				CLANG_WARN_EMPTY_BODY = YES;
				CLANG_WARN_ENUM_CONVERSION = YES;
				CLANG_WARN_INFINITE_RECURSION = YES;
				CLANG_WARN_INT_CONVERSION = YES;
				CLANG_WARN_NON_LITERAL_NULL_CONVERSION = YES;
				CLANG_WARN_OBJC_LITERAL_CONVERSION = YES;
				CLANG_WARN_OBJC_ROOT_CLASS = YES_ERROR;
				CLANG_WARN_RANGE_LOOP_ANALYSIS = YES;
				CLANG_WARN_STRICT_PROTOTYPES = YES;
				CLANG_WARN_SUSPICIOUS_MOVE = YES;
				CLANG_WARN_UNGUARDED_AVAILABILITY = YES_AGGRESSIVE;
				CLANG_WARN_UNREACHABLE_CODE = YES;
				CLANG_WARN__DUPLICATE_METHOD_MATCH = YES;
				CODE_SIGN_IDENTITY = "iPhone Developer";
				COPY_PHASE_STRIP = NO;
				DEBUG_INFORMATION_FORMAT = "dwarf-with-dsym";
				ENABLE_NS_ASSERTIONS = NO;
				ENABLE_STRICT_OBJC_MSGSEND = YES;
				GCC_C_LANGUAGE_STANDARD = gnu11;
				GCC_NO_COMMON_BLOCKS = YES;
				GCC_WARN_64_TO_32_BIT_CONVERSION = YES;
				GCC_WARN_ABOUT_RETURN_TYPE = YES_ERROR;
				GCC_WARN_UNDECLARED_SELECTOR = YES;
				GCC_WARN_UNINITIALIZED_AUTOS = YES_AGGRESSIVE;
				GCC_WARN_UNUSED_FUNCTION = YES;
				GCC_WARN_UNUSED_VARIABLE = YES;
				IPHONEOS_DEPLOYMENT_TARGET = 11.0;
				MTL_ENABLE_DEBUG_INFO = NO;
				SDKROOT = iphoneos;
				SWIFT_OPTIMIZATION_LEVEL = "-Owholemodule";
				VALIDATE_PRODUCT = YES;
			};
			name = Release;
		};
		B041FA841FC2ABB000421C05 /* Debug */ = {
			isa = XCBuildConfiguration;
			buildSettings = {
				ASSETCATALOG_COMPILER_APPICON_NAME = AppIcon;
				CODE_SIGN_STYLE = Automatic;
				DEVELOPMENT_TEAM = 5CE6946X84;
				FRAMEWORK_SEARCH_PATHS = (
					"$(inherited)",
					"$(PROJECT_DIR)/Carthage/Build/iOS",
				);
				INFOPLIST_FILE = PokemonBattle/Info.plist;
				LD_RUNPATH_SEARCH_PATHS = "$(inherited) @executable_path/Frameworks";
				PRODUCT_BUNDLE_IDENTIFIER = com.tinyworld.PokemonBattle;
				PRODUCT_NAME = "$(TARGET_NAME)";
				SWIFT_VERSION = 4.0;
				TARGETED_DEVICE_FAMILY = "1,2";
			};
			name = Debug;
		};
		B041FA851FC2ABB000421C05 /* Release */ = {
			isa = XCBuildConfiguration;
			buildSettings = {
				ASSETCATALOG_COMPILER_APPICON_NAME = AppIcon;
				CODE_SIGN_STYLE = Automatic;
				DEVELOPMENT_TEAM = 5CE6946X84;
				FRAMEWORK_SEARCH_PATHS = (
					"$(inherited)",
					"$(PROJECT_DIR)/Carthage/Build/iOS",
				);
				INFOPLIST_FILE = PokemonBattle/Info.plist;
				LD_RUNPATH_SEARCH_PATHS = "$(inherited) @executable_path/Frameworks";
				PRODUCT_BUNDLE_IDENTIFIER = com.tinyworld.PokemonBattle;
				PRODUCT_NAME = "$(TARGET_NAME)";
				SWIFT_VERSION = 4.0;
				TARGETED_DEVICE_FAMILY = "1,2";
			};
			name = Release;
		};
		B064E6981FC458BB005476BA /* Debug */ = {
			isa = XCBuildConfiguration;
			buildSettings = {
				BUNDLE_LOADER = "$(TEST_HOST)";
				CLANG_ENABLE_MODULES = YES;
				CODE_SIGN_STYLE = Automatic;
				DEVELOPMENT_TEAM = 5CE6946X84;
				INFOPLIST_FILE = PokemonBattleTests/Info.plist;
				IPHONEOS_DEPLOYMENT_TARGET = 11.1;
				LD_RUNPATH_SEARCH_PATHS = "$(inherited) @executable_path/Frameworks @loader_path/Frameworks";
				PRODUCT_BUNDLE_IDENTIFIER = com.tinyworld.PokemonBattleTests;
				PRODUCT_NAME = "$(TARGET_NAME)";
				SWIFT_OPTIMIZATION_LEVEL = "-Onone";
				SWIFT_VERSION = 4.0;
				TARGETED_DEVICE_FAMILY = "1,2";
				TEST_HOST = "$(BUILT_PRODUCTS_DIR)/PokemonBattle.app/PokemonBattle";
			};
			name = Debug;
		};
		B064E6991FC458BB005476BA /* Release */ = {
			isa = XCBuildConfiguration;
			buildSettings = {
				BUNDLE_LOADER = "$(TEST_HOST)";
				CLANG_ENABLE_MODULES = YES;
				CODE_SIGN_STYLE = Automatic;
				DEVELOPMENT_TEAM = 5CE6946X84;
				INFOPLIST_FILE = PokemonBattleTests/Info.plist;
				IPHONEOS_DEPLOYMENT_TARGET = 11.1;
				LD_RUNPATH_SEARCH_PATHS = "$(inherited) @executable_path/Frameworks @loader_path/Frameworks";
				PRODUCT_BUNDLE_IDENTIFIER = com.tinyworld.PokemonBattleTests;
				PRODUCT_NAME = "$(TARGET_NAME)";
				SWIFT_VERSION = 4.0;
				TARGETED_DEVICE_FAMILY = "1,2";
				TEST_HOST = "$(BUILT_PRODUCTS_DIR)/PokemonBattle.app/PokemonBattle";
			};
			name = Release;
		};
/* End XCBuildConfiguration section */

/* Begin XCConfigurationList section */
		B041FA661FC2ABB000421C05 /* Build configuration list for PBXProject "PokemonBattle" */ = {
			isa = XCConfigurationList;
			buildConfigurations = (
				B041FA811FC2ABB000421C05 /* Debug */,
				B041FA821FC2ABB000421C05 /* Release */,
			);
			defaultConfigurationIsVisible = 0;
			defaultConfigurationName = Release;
		};
		B041FA831FC2ABB000421C05 /* Build configuration list for PBXNativeTarget "PokemonBattle" */ = {
			isa = XCConfigurationList;
			buildConfigurations = (
				B041FA841FC2ABB000421C05 /* Debug */,
				B041FA851FC2ABB000421C05 /* Release */,
			);
			defaultConfigurationIsVisible = 0;
			defaultConfigurationName = Release;
		};
		B064E6971FC458BB005476BA /* Build configuration list for PBXNativeTarget "PokemonBattleTests" */ = {
			isa = XCConfigurationList;
			buildConfigurations = (
				B064E6981FC458BB005476BA /* Debug */,
				B064E6991FC458BB005476BA /* Release */,
			);
			defaultConfigurationIsVisible = 0;
			defaultConfigurationName = Release;
		};
/* End XCConfigurationList section */
	};
	rootObject = B041FA631FC2ABB000421C05 /* Project object */;
}
